// !$*UTF8*$!
{
	archiveVersion = 1;
	classes = {
	};
	objectVersion = 46;
	objects = {

/* Begin PBXBuildFile section */
		1216764E20638BDC00872D06 /* R.generated.swift in Sources */ = {isa = PBXBuildFile; fileRef = 1216764D20638BDC00872D06 /* R.generated.swift */; };
		121DE03A1DCCB11900479BF0 /* MainModel.swift in Sources */ = {isa = PBXBuildFile; fileRef = 121DE0391DCCB11900479BF0 /* MainModel.swift */; };
		121DE03C1DCCECA400479BF0 /* MainCollectinView.swift in Sources */ = {isa = PBXBuildFile; fileRef = 121DE03B1DCCECA400479BF0 /* MainCollectinView.swift */; };
		1220F9E51DCB9EB6004379AD /* SecurityStrategy.m in Sources */ = {isa = PBXBuildFile; fileRef = 1220F9E41DCB9EB6004379AD /* SecurityStrategy.m */; };
		1220F9E71DCB9F5F004379AD /* Tag.swift in Sources */ = {isa = PBXBuildFile; fileRef = 1220F9E61DCB9F5F004379AD /* Tag.swift */; };
		1220F9E91DCBA1A6004379AD /* MainNavigationController.swift in Sources */ = {isa = PBXBuildFile; fileRef = 1220F9E81DCBA1A6004379AD /* MainNavigationController.swift */; };
		122429CD1DB3D00A00C8EE29 /* NSURL+.swift in Sources */ = {isa = PBXBuildFile; fileRef = 122429CC1DB3D00A00C8EE29 /* NSURL+.swift */; };
		122429CF1DB3D44800C8EE29 /* UINavigationController+.swift in Sources */ = {isa = PBXBuildFile; fileRef = 122429CE1DB3D44800C8EE29 /* UINavigationController+.swift */; };
		122429D11DB3D46A00C8EE29 /* UIImage+.swift in Sources */ = {isa = PBXBuildFile; fileRef = 122429D01DB3D46A00C8EE29 /* UIImage+.swift */; };
		122429D31DB3D49400C8EE29 /* UIColor+.swift in Sources */ = {isa = PBXBuildFile; fileRef = 122429D21DB3D49400C8EE29 /* UIColor+.swift */; };
		122429D51DB3D79300C8EE29 /* CGSize+.swift in Sources */ = {isa = PBXBuildFile; fileRef = 122429D41DB3D79300C8EE29 /* CGSize+.swift */; };
		122429D71DB3D8B000C8EE29 /* CGFloat+.swift in Sources */ = {isa = PBXBuildFile; fileRef = 122429D61DB3D8B000C8EE29 /* CGFloat+.swift */; };
		122429D91DB3D8FF00C8EE29 /* Int+.swift in Sources */ = {isa = PBXBuildFile; fileRef = 122429D81DB3D8FF00C8EE29 /* Int+.swift */; };
		122429DB1DB3D95E00C8EE29 /* String+.swift in Sources */ = {isa = PBXBuildFile; fileRef = 122429DA1DB3D95E00C8EE29 /* String+.swift */; };
		122429DE1DB3DCF700C8EE29 /* UIViewController+.swift in Sources */ = {isa = PBXBuildFile; fileRef = 122429DD1DB3DCF700C8EE29 /* UIViewController+.swift */; };
		123C14011E18CE8D00ED127B /* ShareViewController.swift in Sources */ = {isa = PBXBuildFile; fileRef = 123C14001E18CE8D00ED127B /* ShareViewController.swift */; };
		123C14041E18CE8D00ED127B /* MainInterface.storyboard in Resources */ = {isa = PBXBuildFile; fileRef = 123C14021E18CE8D00ED127B /* MainInterface.storyboard */; };
		123C14081E18CE8D00ED127B /* VSCAMShareExtension.appex in Embed App Extensions */ = {isa = PBXBuildFile; fileRef = 123C13FE1E18CE8D00ED127B /* VSCAMShareExtension.appex */; settings = {ATTRIBUTES = (RemoveHeadersOnCopy, ); }; };
		123DD1181DCDCA690071C35B /* MainHeadView.swift in Sources */ = {isa = PBXBuildFile; fileRef = 123DD1171DCDCA690071C35B /* MainHeadView.swift */; };
		123DD11A1DCE4B3A0071C35B /* UIImageView+.swift in Sources */ = {isa = PBXBuildFile; fileRef = 123DD1191DCE4B3A0071C35B /* UIImageView+.swift */; };
		123DD11C1DCF1FCD0071C35B /* BaseCollectionView.swift in Sources */ = {isa = PBXBuildFile; fileRef = 123DD11B1DCF1FCD0071C35B /* BaseCollectionView.swift */; };
		123DD11E1DCF20130071C35B /* BaseCollectionViewItem.swift in Sources */ = {isa = PBXBuildFile; fileRef = 123DD11D1DCF20130071C35B /* BaseCollectionViewItem.swift */; };
		125559FA1E3E188800303F34 /* EFOpenController.json in Resources */ = {isa = PBXBuildFile; fileRef = 125559F91E3E188800303F34 /* EFOpenController.json */; };
		125559FE1E3E1D2E00303F34 /* EFOpenController.m in Sources */ = {isa = PBXBuildFile; fileRef = 125559FD1E3E1D2E00303F34 /* EFOpenController.m */; };
		127D28901DE33CA90000A7A2 /* PublishTableView.swift in Sources */ = {isa = PBXBuildFile; fileRef = 127D288F1DE33CA90000A7A2 /* PublishTableView.swift */; };
		127D28921DE33E990000A7A2 /* PublishTableViewItemHead.swift in Sources */ = {isa = PBXBuildFile; fileRef = 127D28911DE33E990000A7A2 /* PublishTableViewItemHead.swift */; };
		127D28941DE33F9A0000A7A2 /* PublishTableViewItemFoot.swift in Sources */ = {isa = PBXBuildFile; fileRef = 127D28931DE33F9A0000A7A2 /* PublishTableViewItemFoot.swift */; };
		128FAA771DD4DC72005A914A /* Date+.swift in Sources */ = {isa = PBXBuildFile; fileRef = 128FAA761DD4DC72005A914A /* Date+.swift */; };
		1298EDE81DAE983700F8B4BD /* BaseViewController.swift in Sources */ = {isa = PBXBuildFile; fileRef = 1298EDE61DAE983700F8B4BD /* BaseViewController.swift */; };
		1298EDEE1DAE984400F8B4BD /* Define.swift in Sources */ = {isa = PBXBuildFile; fileRef = 1298EDEA1DAE984400F8B4BD /* Define.swift */; };
		1298EDEF1DAE984400F8B4BD /* Function.swift in Sources */ = {isa = PBXBuildFile; fileRef = 1298EDEB1DAE984400F8B4BD /* Function.swift */; };
		1298EDF01DAE984400F8B4BD /* Regex.swift in Sources */ = {isa = PBXBuildFile; fileRef = 1298EDEC1DAE984400F8B4BD /* Regex.swift */; };
		1298EDF11DAE984400F8B4BD /* Variable.swift in Sources */ = {isa = PBXBuildFile; fileRef = 1298EDED1DAE984400F8B4BD /* Variable.swift */; };
		129ED06E1DF697F300E0AB0C /* SettingTableViewItemExt.swift in Sources */ = {isa = PBXBuildFile; fileRef = 129ED06D1DF697F300E0AB0C /* SettingTableViewItemExt.swift */; };
		129ED0741DF69DC600E0AB0C /* AboutController.swift in Sources */ = {isa = PBXBuildFile; fileRef = 129ED0731DF69DC600E0AB0C /* AboutController.swift */; };
		129ED0761DF69DD000E0AB0C /* AboutModel.swift in Sources */ = {isa = PBXBuildFile; fileRef = 129ED0751DF69DD000E0AB0C /* AboutModel.swift */; };
		129ED0781DF6A00600E0AB0C /* AboutTableView.swift in Sources */ = {isa = PBXBuildFile; fileRef = 129ED0771DF6A00600E0AB0C /* AboutTableView.swift */; };
		129ED07A1DF6A01300E0AB0C /* AboutTableViewItemHeader.swift in Sources */ = {isa = PBXBuildFile; fileRef = 129ED0791DF6A01300E0AB0C /* AboutTableViewItemHeader.swift */; };
		129ED07C1DF6A02100E0AB0C /* AboutTableViewItemSelections.swift in Sources */ = {isa = PBXBuildFile; fileRef = 129ED07B1DF6A02100E0AB0C /* AboutTableViewItemSelections.swift */; };
		129ED07E1DF6A03500E0AB0C /* AboutTableViewItemFooter.swift in Sources */ = {isa = PBXBuildFile; fileRef = 129ED07D1DF6A03500E0AB0C /* AboutTableViewItemFooter.swift */; };
		12B3D4EF1DD72E0700BD4388 /* UserDetailController.swift in Sources */ = {isa = PBXBuildFile; fileRef = 12B3D4EE1DD72E0700BD4388 /* UserDetailController.swift */; };
		12B3D4F11DD72E7800BD4388 /* UserDetailModel.swift in Sources */ = {isa = PBXBuildFile; fileRef = 12B3D4F01DD72E7800BD4388 /* UserDetailModel.swift */; };
		12B3D4F31DD72FA900BD4388 /* UserDetailHeadView.swift in Sources */ = {isa = PBXBuildFile; fileRef = 12B3D4F21DD72FA900BD4388 /* UserDetailHeadView.swift */; };
		12B3D4F51DD72FB500BD4388 /* UserDetailCollectionView.swift in Sources */ = {isa = PBXBuildFile; fileRef = 12B3D4F41DD72FB500BD4388 /* UserDetailCollectionView.swift */; };
		12B3D4F71DD72FC100BD4388 /* UserDetailCollectionViewItem.swift in Sources */ = {isa = PBXBuildFile; fileRef = 12B3D4F61DD72FC100BD4388 /* UserDetailCollectionViewItem.swift */; };
		12B3D4FC1DD778D000BD4388 /* LoginRegisteController.swift in Sources */ = {isa = PBXBuildFile; fileRef = 12B3D4FB1DD778D000BD4388 /* LoginRegisteController.swift */; };
		12B3D4FE1DD778D900BD4388 /* LoginRegisteModel.swift in Sources */ = {isa = PBXBuildFile; fileRef = 12B3D4FD1DD778D900BD4388 /* LoginRegisteModel.swift */; };
		12B3D5001DD8974000BD4388 /* LoginTableView.swift in Sources */ = {isa = PBXBuildFile; fileRef = 12B3D4FF1DD8974000BD4388 /* LoginTableView.swift */; };
		12B3D5021DD89D0A00BD4388 /* RegisteTableView.swift in Sources */ = {isa = PBXBuildFile; fileRef = 12B3D5011DD89D0A00BD4388 /* RegisteTableView.swift */; };
		12B3D5041DD8A44400BD4388 /* LoginTableViewItem.swift in Sources */ = {isa = PBXBuildFile; fileRef = 12B3D5031DD8A44400BD4388 /* LoginTableViewItem.swift */; };
		12C8EAC41E0BF4BA00B29707 /* BaseTableViewSection.swift in Sources */ = {isa = PBXBuildFile; fileRef = 12C8EAC31E0BF4BA00B29707 /* BaseTableViewSection.swift */; };
		12E61F041DE08C4F0087BDC3 /* SettingModel.swift in Sources */ = {isa = PBXBuildFile; fileRef = 12E61F031DE08C4F0087BDC3 /* SettingModel.swift */; };
		12E61F061DE08C5C0087BDC3 /* SettingController.swift in Sources */ = {isa = PBXBuildFile; fileRef = 12E61F051DE08C5C0087BDC3 /* SettingController.swift */; };
		12E61F081DE08D6E0087BDC3 /* SettingTableView.swift in Sources */ = {isa = PBXBuildFile; fileRef = 12E61F071DE08D6E0087BDC3 /* SettingTableView.swift */; };
		12E61F0A1DE08D7B0087BDC3 /* SettingTableViewItem.swift in Sources */ = {isa = PBXBuildFile; fileRef = 12E61F091DE08D7B0087BDC3 /* SettingTableViewItem.swift */; };
		12E61F0C1DE1B4AC0087BDC3 /* LoadingView.swift in Sources */ = {isa = PBXBuildFile; fileRef = 12E61F0B1DE1B4AC0087BDC3 /* LoadingView.swift */; };
		12E61F121DE1EE690087BDC3 /* PublishController.swift in Sources */ = {isa = PBXBuildFile; fileRef = 12E61F111DE1EE690087BDC3 /* PublishController.swift */; };
		12E61F141DE1F1960087BDC3 /* PublishModel.swift in Sources */ = {isa = PBXBuildFile; fileRef = 12E61F131DE1F1960087BDC3 /* PublishModel.swift */; };
		12E61F161DE1F4D70087BDC3 /* UILable+.swift in Sources */ = {isa = PBXBuildFile; fileRef = 12E61F151DE1F4D70087BDC3 /* UILable+.swift */; };
		12F229B91DD2228600C0F6D0 /* Double+.swift in Sources */ = {isa = PBXBuildFile; fileRef = 12F229B81DD2228600C0F6D0 /* Double+.swift */; };
		12F625611E349C3200356EF3 /* Localizable.strings in Resources */ = {isa = PBXBuildFile; fileRef = 12F625631E349C3200356EF3 /* Localizable.strings */; };
		843DE4051DD5AB0D001A2A32 /* UITableView+.swift in Sources */ = {isa = PBXBuildFile; fileRef = 843DE4041DD5AB0D001A2A32 /* UITableView+.swift */; };
		843DE4071DD5B99D001A2A32 /* ImageDetailTableViewItemHead.swift in Sources */ = {isa = PBXBuildFile; fileRef = 843DE4061DD5B99D001A2A32 /* ImageDetailTableViewItemHead.swift */; };
		8453F3CC1DE5A0FE001D3905 /* MJPhoto.m in Sources */ = {isa = PBXBuildFile; fileRef = 8453F3C01DE5A0FE001D3905 /* MJPhoto.m */; };
		8453F3CD1DE5A0FE001D3905 /* MJPhotoBrowser.bundle in Resources */ = {isa = PBXBuildFile; fileRef = 8453F3C11DE5A0FE001D3905 /* MJPhotoBrowser.bundle */; };
		8453F3CE1DE5A0FE001D3905 /* MJPhotoBrowser.m in Sources */ = {isa = PBXBuildFile; fileRef = 8453F3C31DE5A0FE001D3905 /* MJPhotoBrowser.m */; };
		8453F3CF1DE5A0FE001D3905 /* MJPhotoLoadingView.m in Sources */ = {isa = PBXBuildFile; fileRef = 8453F3C51DE5A0FE001D3905 /* MJPhotoLoadingView.m */; };
		8453F3D01DE5A0FE001D3905 /* MJPhotoProgressView.m in Sources */ = {isa = PBXBuildFile; fileRef = 8453F3C71DE5A0FE001D3905 /* MJPhotoProgressView.m */; };
		8453F3D11DE5A0FE001D3905 /* MJPhotoToolbar.m in Sources */ = {isa = PBXBuildFile; fileRef = 8453F3C91DE5A0FE001D3905 /* MJPhotoToolbar.m */; };
		8453F3D21DE5A0FE001D3905 /* MJPhotoView.m in Sources */ = {isa = PBXBuildFile; fileRef = 8453F3CB1DE5A0FE001D3905 /* MJPhotoView.m */; };
		84741D981DD095EB006ECD6D /* MainCollectinViewItem.swift in Sources */ = {isa = PBXBuildFile; fileRef = 84741D971DD095EB006ECD6D /* MainCollectinViewItem.swift */; };
		84741DD71DD1BECC006ECD6D /* MyWaterflowLayout.m in Sources */ = {isa = PBXBuildFile; fileRef = 84741DD61DD1BECC006ECD6D /* MyWaterflowLayout.m */; };
		84741DDE1DD1CFA4006ECD6D /* NetworkAPI.swift in Sources */ = {isa = PBXBuildFile; fileRef = 84741DD81DD1CFA4006ECD6D /* NetworkAPI.swift */; };
		84741DDF1DD1CFA4006ECD6D /* NetworkCache.swift in Sources */ = {isa = PBXBuildFile; fileRef = 84741DD91DD1CFA4006ECD6D /* NetworkCache.swift */; };
		84741DE01DD1CFA4006ECD6D /* NetworkEnum.swift in Sources */ = {isa = PBXBuildFile; fileRef = 84741DDA1DD1CFA4006ECD6D /* NetworkEnum.swift */; };
		84741DE11DD1CFA4006ECD6D /* NetworkError.swift in Sources */ = {isa = PBXBuildFile; fileRef = 84741DDB1DD1CFA4006ECD6D /* NetworkError.swift */; };
		84741DE21DD1CFA4006ECD6D /* NetworkObject.swift in Sources */ = {isa = PBXBuildFile; fileRef = 84741DDC1DD1CFA4006ECD6D /* NetworkObject.swift */; };
		84741DE31DD1CFA4006ECD6D /* NetworkURL.swift in Sources */ = {isa = PBXBuildFile; fileRef = 84741DDD1DD1CFA4006ECD6D /* NetworkURL.swift */; };
		84741DE51DD2D727006ECD6D /* NetworkExtension.swift in Sources */ = {isa = PBXBuildFile; fileRef = 84741DE41DD2D727006ECD6D /* NetworkExtension.swift */; };
		84741DE71DD41C99006ECD6D /* Operator+.swift in Sources */ = {isa = PBXBuildFile; fileRef = 84741DE61DD41C99006ECD6D /* Operator+.swift */; };
		84741DEC1DD42F4F006ECD6D /* ImageDetailController.swift in Sources */ = {isa = PBXBuildFile; fileRef = 84741DEB1DD42F4F006ECD6D /* ImageDetailController.swift */; };
		84741DEE1DD42F68006ECD6D /* ImageDetailModel.swift in Sources */ = {isa = PBXBuildFile; fileRef = 84741DED1DD42F68006ECD6D /* ImageDetailModel.swift */; };
		84741DF01DD44923006ECD6D /* ImageDetailTableView.swift in Sources */ = {isa = PBXBuildFile; fileRef = 84741DEF1DD44923006ECD6D /* ImageDetailTableView.swift */; };
		84741DF41DD4499B006ECD6D /* ImageDetailTableViewItemBody.swift in Sources */ = {isa = PBXBuildFile; fileRef = 84741DF31DD4499B006ECD6D /* ImageDetailTableViewItemBody.swift */; };
		84741DF61DD449A4006ECD6D /* ImageDetailTableViewItemFoot.swift in Sources */ = {isa = PBXBuildFile; fileRef = 84741DF51DD449A4006ECD6D /* ImageDetailTableViewItemFoot.swift */; };
		84741DF81DD44BCA006ECD6D /* BaseTableView.swift in Sources */ = {isa = PBXBuildFile; fileRef = 84741DF71DD44BCA006ECD6D /* BaseTableView.swift */; };
		84741DFA1DD44BD8006ECD6D /* BaseTableViewRow.swift in Sources */ = {isa = PBXBuildFile; fileRef = 84741DF91DD44BD8006ECD6D /* BaseTableViewRow.swift */; };
		848286E71DD9934100337721 /* RegisteTableViewItem.swift in Sources */ = {isa = PBXBuildFile; fileRef = 848286E61DD9934100337721 /* RegisteTableViewItem.swift */; };
		8488D43D1DAA46FD000E703C /* AppDelegate.swift in Sources */ = {isa = PBXBuildFile; fileRef = 8488D43C1DAA46FD000E703C /* AppDelegate.swift */; };
		8488D43F1DAA46FD000E703C /* MainController.swift in Sources */ = {isa = PBXBuildFile; fileRef = 8488D43E1DAA46FD000E703C /* MainController.swift */; };
		8488D4421DAA46FD000E703C /* Main.storyboard in Resources */ = {isa = PBXBuildFile; fileRef = 8488D4401DAA46FD000E703C /* Main.storyboard */; };
		8488D4441DAA46FD000E703C /* Assets.xcassets in Resources */ = {isa = PBXBuildFile; fileRef = 8488D4431DAA46FD000E703C /* Assets.xcassets */; };
		8488D4471DAA46FD000E703C /* LaunchScreen.storyboard in Resources */ = {isa = PBXBuildFile; fileRef = 8488D4451DAA46FD000E703C /* LaunchScreen.storyboard */; };
		E6270A015DC0AB51F53DCF7A /* Pods_VSCAM.framework in Frameworks */ = {isa = PBXBuildFile; fileRef = D01B2475AE9C6785AF2EFBD0 /* Pods_VSCAM.framework */; };
/* End PBXBuildFile section */

/* Begin PBXContainerItemProxy section */
		123C14061E18CE8D00ED127B /* PBXContainerItemProxy */ = {
			isa = PBXContainerItemProxy;
			containerPortal = 8488D4311DAA46FD000E703C /* Project object */;
			proxyType = 1;
			remoteGlobalIDString = 123C13FD1E18CE8D00ED127B;
			remoteInfo = VSCAMShareExtension;
		};
/* End PBXContainerItemProxy section */

/* Begin PBXCopyFilesBuildPhase section */
		123C140C1E18CE8E00ED127B /* Embed App Extensions */ = {
			isa = PBXCopyFilesBuildPhase;
			buildActionMask = 2147483647;
			dstPath = "";
			dstSubfolderSpec = 13;
			files = (
				123C14081E18CE8D00ED127B /* VSCAMShareExtension.appex in Embed App Extensions */,
			);
			name = "Embed App Extensions";
			runOnlyForDeploymentPostprocessing = 0;
		};
/* End PBXCopyFilesBuildPhase section */

/* Begin PBXFileReference section */
		1216764D20638BDC00872D06 /* R.generated.swift */ = {isa = PBXFileReference; fileEncoding = 4; lastKnownFileType = sourcecode.swift; path = R.generated.swift; sourceTree = SOURCE_ROOT; };
		121DE0391DCCB11900479BF0 /* MainModel.swift */ = {isa = PBXFileReference; fileEncoding = 4; lastKnownFileType = sourcecode.swift; path = MainModel.swift; sourceTree = "<group>"; };
		121DE03B1DCCECA400479BF0 /* MainCollectinView.swift */ = {isa = PBXFileReference; fileEncoding = 4; lastKnownFileType = sourcecode.swift; path = MainCollectinView.swift; sourceTree = "<group>"; };
		1220F9E31DCB9EB6004379AD /* SecurityStrategy.h */ = {isa = PBXFileReference; fileEncoding = 4; lastKnownFileType = sourcecode.c.h; path = SecurityStrategy.h; sourceTree = "<group>"; };
		1220F9E41DCB9EB6004379AD /* SecurityStrategy.m */ = {isa = PBXFileReference; fileEncoding = 4; lastKnownFileType = sourcecode.c.objc; path = SecurityStrategy.m; sourceTree = "<group>"; };
		1220F9E61DCB9F5F004379AD /* Tag.swift */ = {isa = PBXFileReference; fileEncoding = 4; lastKnownFileType = sourcecode.swift; path = Tag.swift; sourceTree = "<group>"; };
		1220F9E81DCBA1A6004379AD /* MainNavigationController.swift */ = {isa = PBXFileReference; fileEncoding = 4; lastKnownFileType = sourcecode.swift; path = MainNavigationController.swift; sourceTree = "<group>"; };
		122429CC1DB3D00A00C8EE29 /* NSURL+.swift */ = {isa = PBXFileReference; fileEncoding = 4; lastKnownFileType = sourcecode.swift; path = "NSURL+.swift"; sourceTree = "<group>"; };
		122429CE1DB3D44800C8EE29 /* UINavigationController+.swift */ = {isa = PBXFileReference; fileEncoding = 4; lastKnownFileType = sourcecode.swift; path = "UINavigationController+.swift"; sourceTree = "<group>"; };
		122429D01DB3D46A00C8EE29 /* UIImage+.swift */ = {isa = PBXFileReference; fileEncoding = 4; lastKnownFileType = sourcecode.swift; path = "UIImage+.swift"; sourceTree = "<group>"; };
		122429D21DB3D49400C8EE29 /* UIColor+.swift */ = {isa = PBXFileReference; fileEncoding = 4; lastKnownFileType = sourcecode.swift; path = "UIColor+.swift"; sourceTree = "<group>"; };
		122429D41DB3D79300C8EE29 /* CGSize+.swift */ = {isa = PBXFileReference; fileEncoding = 4; lastKnownFileType = sourcecode.swift; path = "CGSize+.swift"; sourceTree = "<group>"; };
		122429D61DB3D8B000C8EE29 /* CGFloat+.swift */ = {isa = PBXFileReference; fileEncoding = 4; lastKnownFileType = sourcecode.swift; path = "CGFloat+.swift"; sourceTree = "<group>"; };
		122429D81DB3D8FF00C8EE29 /* Int+.swift */ = {isa = PBXFileReference; fileEncoding = 4; lastKnownFileType = sourcecode.swift; path = "Int+.swift"; sourceTree = "<group>"; };
		122429DA1DB3D95E00C8EE29 /* String+.swift */ = {isa = PBXFileReference; fileEncoding = 4; lastKnownFileType = sourcecode.swift; path = "String+.swift"; sourceTree = "<group>"; };
		122429DC1DB3D99F00C8EE29 /* VSCAM-Bridging-Header.h */ = {isa = PBXFileReference; fileEncoding = 4; lastKnownFileType = sourcecode.c.h; path = "VSCAM-Bridging-Header.h"; sourceTree = "<group>"; };
		122429DD1DB3DCF700C8EE29 /* UIViewController+.swift */ = {isa = PBXFileReference; fileEncoding = 4; lastKnownFileType = sourcecode.swift; path = "UIViewController+.swift"; sourceTree = "<group>"; };
		123C13FE1E18CE8D00ED127B /* VSCAMShareExtension.appex */ = {isa = PBXFileReference; explicitFileType = "wrapper.app-extension"; includeInIndex = 0; path = VSCAMShareExtension.appex; sourceTree = BUILT_PRODUCTS_DIR; };
		123C14001E18CE8D00ED127B /* ShareViewController.swift */ = {isa = PBXFileReference; lastKnownFileType = sourcecode.swift; path = ShareViewController.swift; sourceTree = "<group>"; };
		123C14031E18CE8D00ED127B /* Base */ = {isa = PBXFileReference; lastKnownFileType = file.storyboard; name = Base; path = Base.lproj/MainInterface.storyboard; sourceTree = "<group>"; };
		123C14051E18CE8D00ED127B /* Info.plist */ = {isa = PBXFileReference; lastKnownFileType = text.plist.xml; path = Info.plist; sourceTree = "<group>"; };
		123DD1171DCDCA690071C35B /* MainHeadView.swift */ = {isa = PBXFileReference; fileEncoding = 4; lastKnownFileType = sourcecode.swift; path = MainHeadView.swift; sourceTree = "<group>"; };
		123DD1191DCE4B3A0071C35B /* UIImageView+.swift */ = {isa = PBXFileReference; fileEncoding = 4; lastKnownFileType = sourcecode.swift; path = "UIImageView+.swift"; sourceTree = "<group>"; };
		123DD11B1DCF1FCD0071C35B /* BaseCollectionView.swift */ = {isa = PBXFileReference; fileEncoding = 4; lastKnownFileType = sourcecode.swift; path = BaseCollectionView.swift; sourceTree = "<group>"; };
		123DD11D1DCF20130071C35B /* BaseCollectionViewItem.swift */ = {isa = PBXFileReference; fileEncoding = 4; lastKnownFileType = sourcecode.swift; path = BaseCollectionViewItem.swift; sourceTree = "<group>"; };
		125559F91E3E188800303F34 /* EFOpenController.json */ = {isa = PBXFileReference; fileEncoding = 4; lastKnownFileType = text.json; path = EFOpenController.json; sourceTree = "<group>"; };
		125559FC1E3E1D2E00303F34 /* EFOpenController.h */ = {isa = PBXFileReference; fileEncoding = 4; lastKnownFileType = sourcecode.c.h; path = EFOpenController.h; sourceTree = "<group>"; };
		125559FD1E3E1D2E00303F34 /* EFOpenController.m */ = {isa = PBXFileReference; fileEncoding = 4; lastKnownFileType = sourcecode.c.objc; path = EFOpenController.m; sourceTree = "<group>"; };
		127D288F1DE33CA90000A7A2 /* PublishTableView.swift */ = {isa = PBXFileReference; fileEncoding = 4; lastKnownFileType = sourcecode.swift; path = PublishTableView.swift; sourceTree = "<group>"; };
		127D28911DE33E990000A7A2 /* PublishTableViewItemHead.swift */ = {isa = PBXFileReference; fileEncoding = 4; lastKnownFileType = sourcecode.swift; path = PublishTableViewItemHead.swift; sourceTree = "<group>"; };
		127D28931DE33F9A0000A7A2 /* PublishTableViewItemFoot.swift */ = {isa = PBXFileReference; fileEncoding = 4; lastKnownFileType = sourcecode.swift; path = PublishTableViewItemFoot.swift; sourceTree = "<group>"; };
		128FAA761DD4DC72005A914A /* Date+.swift */ = {isa = PBXFileReference; fileEncoding = 4; lastKnownFileType = sourcecode.swift; path = "Date+.swift"; sourceTree = "<group>"; };
		1298EDE61DAE983700F8B4BD /* BaseViewController.swift */ = {isa = PBXFileReference; fileEncoding = 4; lastKnownFileType = sourcecode.swift; path = BaseViewController.swift; sourceTree = "<group>"; };
		1298EDEA1DAE984400F8B4BD /* Define.swift */ = {isa = PBXFileReference; fileEncoding = 4; lastKnownFileType = sourcecode.swift; path = Define.swift; sourceTree = "<group>"; };
		1298EDEB1DAE984400F8B4BD /* Function.swift */ = {isa = PBXFileReference; fileEncoding = 4; lastKnownFileType = sourcecode.swift; path = Function.swift; sourceTree = "<group>"; };
		1298EDEC1DAE984400F8B4BD /* Regex.swift */ = {isa = PBXFileReference; fileEncoding = 4; lastKnownFileType = sourcecode.swift; path = Regex.swift; sourceTree = "<group>"; };
		1298EDED1DAE984400F8B4BD /* Variable.swift */ = {isa = PBXFileReference; fileEncoding = 4; lastKnownFileType = sourcecode.swift; path = Variable.swift; sourceTree = "<group>"; };
		129ED06D1DF697F300E0AB0C /* SettingTableViewItemExt.swift */ = {isa = PBXFileReference; fileEncoding = 4; lastKnownFileType = sourcecode.swift; path = SettingTableViewItemExt.swift; sourceTree = "<group>"; };
		129ED0731DF69DC600E0AB0C /* AboutController.swift */ = {isa = PBXFileReference; fileEncoding = 4; lastKnownFileType = sourcecode.swift; path = AboutController.swift; sourceTree = "<group>"; };
		129ED0751DF69DD000E0AB0C /* AboutModel.swift */ = {isa = PBXFileReference; fileEncoding = 4; lastKnownFileType = sourcecode.swift; path = AboutModel.swift; sourceTree = "<group>"; };
		129ED0771DF6A00600E0AB0C /* AboutTableView.swift */ = {isa = PBXFileReference; fileEncoding = 4; lastKnownFileType = sourcecode.swift; path = AboutTableView.swift; sourceTree = "<group>"; };
		129ED0791DF6A01300E0AB0C /* AboutTableViewItemHeader.swift */ = {isa = PBXFileReference; fileEncoding = 4; lastKnownFileType = sourcecode.swift; path = AboutTableViewItemHeader.swift; sourceTree = "<group>"; };
		129ED07B1DF6A02100E0AB0C /* AboutTableViewItemSelections.swift */ = {isa = PBXFileReference; fileEncoding = 4; lastKnownFileType = sourcecode.swift; path = AboutTableViewItemSelections.swift; sourceTree = "<group>"; };
		129ED07D1DF6A03500E0AB0C /* AboutTableViewItemFooter.swift */ = {isa = PBXFileReference; fileEncoding = 4; lastKnownFileType = sourcecode.swift; path = AboutTableViewItemFooter.swift; sourceTree = "<group>"; };
		12B3D4EE1DD72E0700BD4388 /* UserDetailController.swift */ = {isa = PBXFileReference; fileEncoding = 4; lastKnownFileType = sourcecode.swift; path = UserDetailController.swift; sourceTree = "<group>"; };
		12B3D4F01DD72E7800BD4388 /* UserDetailModel.swift */ = {isa = PBXFileReference; fileEncoding = 4; lastKnownFileType = sourcecode.swift; path = UserDetailModel.swift; sourceTree = "<group>"; };
		12B3D4F21DD72FA900BD4388 /* UserDetailHeadView.swift */ = {isa = PBXFileReference; fileEncoding = 4; lastKnownFileType = sourcecode.swift; path = UserDetailHeadView.swift; sourceTree = "<group>"; };
		12B3D4F41DD72FB500BD4388 /* UserDetailCollectionView.swift */ = {isa = PBXFileReference; fileEncoding = 4; lastKnownFileType = sourcecode.swift; path = UserDetailCollectionView.swift; sourceTree = "<group>"; };
		12B3D4F61DD72FC100BD4388 /* UserDetailCollectionViewItem.swift */ = {isa = PBXFileReference; fileEncoding = 4; lastKnownFileType = sourcecode.swift; path = UserDetailCollectionViewItem.swift; sourceTree = "<group>"; };
		12B3D4FB1DD778D000BD4388 /* LoginRegisteController.swift */ = {isa = PBXFileReference; fileEncoding = 4; lastKnownFileType = sourcecode.swift; path = LoginRegisteController.swift; sourceTree = "<group>"; };
		12B3D4FD1DD778D900BD4388 /* LoginRegisteModel.swift */ = {isa = PBXFileReference; fileEncoding = 4; lastKnownFileType = sourcecode.swift; path = LoginRegisteModel.swift; sourceTree = "<group>"; };
		12B3D4FF1DD8974000BD4388 /* LoginTableView.swift */ = {isa = PBXFileReference; fileEncoding = 4; lastKnownFileType = sourcecode.swift; path = LoginTableView.swift; sourceTree = "<group>"; };
		12B3D5011DD89D0A00BD4388 /* RegisteTableView.swift */ = {isa = PBXFileReference; fileEncoding = 4; lastKnownFileType = sourcecode.swift; path = RegisteTableView.swift; sourceTree = "<group>"; };
		12B3D5031DD8A44400BD4388 /* LoginTableViewItem.swift */ = {isa = PBXFileReference; fileEncoding = 4; lastKnownFileType = sourcecode.swift; path = LoginTableViewItem.swift; sourceTree = "<group>"; };
		12C8EAC31E0BF4BA00B29707 /* BaseTableViewSection.swift */ = {isa = PBXFileReference; fileEncoding = 4; lastKnownFileType = sourcecode.swift; path = BaseTableViewSection.swift; sourceTree = "<group>"; };
		12E61F031DE08C4F0087BDC3 /* SettingModel.swift */ = {isa = PBXFileReference; fileEncoding = 4; lastKnownFileType = sourcecode.swift; path = SettingModel.swift; sourceTree = "<group>"; };
		12E61F051DE08C5C0087BDC3 /* SettingController.swift */ = {isa = PBXFileReference; fileEncoding = 4; lastKnownFileType = sourcecode.swift; path = SettingController.swift; sourceTree = "<group>"; };
		12E61F071DE08D6E0087BDC3 /* SettingTableView.swift */ = {isa = PBXFileReference; fileEncoding = 4; lastKnownFileType = sourcecode.swift; path = SettingTableView.swift; sourceTree = "<group>"; };
		12E61F091DE08D7B0087BDC3 /* SettingTableViewItem.swift */ = {isa = PBXFileReference; fileEncoding = 4; lastKnownFileType = sourcecode.swift; path = SettingTableViewItem.swift; sourceTree = "<group>"; };
		12E61F0B1DE1B4AC0087BDC3 /* LoadingView.swift */ = {isa = PBXFileReference; fileEncoding = 4; lastKnownFileType = sourcecode.swift; path = LoadingView.swift; sourceTree = "<group>"; };
		12E61F111DE1EE690087BDC3 /* PublishController.swift */ = {isa = PBXFileReference; fileEncoding = 4; lastKnownFileType = sourcecode.swift; path = PublishController.swift; sourceTree = "<group>"; };
		12E61F131DE1F1960087BDC3 /* PublishModel.swift */ = {isa = PBXFileReference; fileEncoding = 4; lastKnownFileType = sourcecode.swift; path = PublishModel.swift; sourceTree = "<group>"; };
		12E61F151DE1F4D70087BDC3 /* UILable+.swift */ = {isa = PBXFileReference; fileEncoding = 4; lastKnownFileType = sourcecode.swift; path = "UILable+.swift"; sourceTree = "<group>"; };
		12F229B81DD2228600C0F6D0 /* Double+.swift */ = {isa = PBXFileReference; fileEncoding = 4; lastKnownFileType = sourcecode.swift; path = "Double+.swift"; sourceTree = "<group>"; };
		12F625641E349DB100356EF3 /* zh-Hans */ = {isa = PBXFileReference; lastKnownFileType = text.plist.strings; name = "zh-Hans"; path = "zh-Hans.lproj/Main.strings"; sourceTree = "<group>"; };
		12F625651E349DB100356EF3 /* zh-Hans */ = {isa = PBXFileReference; lastKnownFileType = text.plist.strings; name = "zh-Hans"; path = "zh-Hans.lproj/LaunchScreen.strings"; sourceTree = "<group>"; };
		12F625661E349DB100356EF3 /* zh-Hans */ = {isa = PBXFileReference; lastKnownFileType = text.plist.strings; name = "zh-Hans"; path = "zh-Hans.lproj/MainInterface.strings"; sourceTree = "<group>"; };
		12F625671E349DB100356EF3 /* zh-Hans */ = {isa = PBXFileReference; lastKnownFileType = text.plist.strings; name = "zh-Hans"; path = "zh-Hans.lproj/Localizable.strings"; sourceTree = "<group>"; };
		12F625681E349DB500356EF3 /* zh-Hant */ = {isa = PBXFileReference; lastKnownFileType = text.plist.strings; name = "zh-Hant"; path = "zh-Hant.lproj/Main.strings"; sourceTree = "<group>"; };
		12F625691E349DB500356EF3 /* zh-Hant */ = {isa = PBXFileReference; lastKnownFileType = text.plist.strings; name = "zh-Hant"; path = "zh-Hant.lproj/LaunchScreen.strings"; sourceTree = "<group>"; };
		12F6256A1E349DB500356EF3 /* zh-Hant */ = {isa = PBXFileReference; lastKnownFileType = text.plist.strings; name = "zh-Hant"; path = "zh-Hant.lproj/MainInterface.strings"; sourceTree = "<group>"; };
		12F6256B1E349DB500356EF3 /* zh-Hant */ = {isa = PBXFileReference; lastKnownFileType = text.plist.strings; name = "zh-Hant"; path = "zh-Hant.lproj/Localizable.strings"; sourceTree = "<group>"; };
		12F6256C1E349DC500356EF3 /* en */ = {isa = PBXFileReference; lastKnownFileType = text.plist.strings; name = en; path = en.lproj/Localizable.strings; sourceTree = "<group>"; };
		6AFA9DAD913860BE44775608 /* Pods-VSCAM.release.xcconfig */ = {isa = PBXFileReference; includeInIndex = 1; lastKnownFileType = text.xcconfig; name = "Pods-VSCAM.release.xcconfig"; path = "Pods/Target Support Files/Pods-VSCAM/Pods-VSCAM.release.xcconfig"; sourceTree = "<group>"; };
		843DE4041DD5AB0D001A2A32 /* UITableView+.swift */ = {isa = PBXFileReference; fileEncoding = 4; lastKnownFileType = sourcecode.swift; path = "UITableView+.swift"; sourceTree = "<group>"; };
		843DE4061DD5B99D001A2A32 /* ImageDetailTableViewItemHead.swift */ = {isa = PBXFileReference; fileEncoding = 4; lastKnownFileType = sourcecode.swift; path = ImageDetailTableViewItemHead.swift; sourceTree = "<group>"; };
		8453F3BF1DE5A0FE001D3905 /* MJPhoto.h */ = {isa = PBXFileReference; fileEncoding = 4; lastKnownFileType = sourcecode.c.h; path = MJPhoto.h; sourceTree = "<group>"; };
		8453F3C01DE5A0FE001D3905 /* MJPhoto.m */ = {isa = PBXFileReference; fileEncoding = 4; lastKnownFileType = sourcecode.c.objc; path = MJPhoto.m; sourceTree = "<group>"; };
		8453F3C11DE5A0FE001D3905 /* MJPhotoBrowser.bundle */ = {isa = PBXFileReference; lastKnownFileType = "wrapper.plug-in"; path = MJPhotoBrowser.bundle; sourceTree = "<group>"; };
		8453F3C21DE5A0FE001D3905 /* MJPhotoBrowser.h */ = {isa = PBXFileReference; fileEncoding = 4; lastKnownFileType = sourcecode.c.h; path = MJPhotoBrowser.h; sourceTree = "<group>"; };
		8453F3C31DE5A0FE001D3905 /* MJPhotoBrowser.m */ = {isa = PBXFileReference; fileEncoding = 4; lastKnownFileType = sourcecode.c.objc; path = MJPhotoBrowser.m; sourceTree = "<group>"; };
		8453F3C41DE5A0FE001D3905 /* MJPhotoLoadingView.h */ = {isa = PBXFileReference; fileEncoding = 4; lastKnownFileType = sourcecode.c.h; path = MJPhotoLoadingView.h; sourceTree = "<group>"; };
		8453F3C51DE5A0FE001D3905 /* MJPhotoLoadingView.m */ = {isa = PBXFileReference; fileEncoding = 4; lastKnownFileType = sourcecode.c.objc; path = MJPhotoLoadingView.m; sourceTree = "<group>"; };
		8453F3C61DE5A0FE001D3905 /* MJPhotoProgressView.h */ = {isa = PBXFileReference; fileEncoding = 4; lastKnownFileType = sourcecode.c.h; path = MJPhotoProgressView.h; sourceTree = "<group>"; };
		8453F3C71DE5A0FE001D3905 /* MJPhotoProgressView.m */ = {isa = PBXFileReference; fileEncoding = 4; lastKnownFileType = sourcecode.c.objc; path = MJPhotoProgressView.m; sourceTree = "<group>"; };
		8453F3C81DE5A0FE001D3905 /* MJPhotoToolbar.h */ = {isa = PBXFileReference; fileEncoding = 4; lastKnownFileType = sourcecode.c.h; path = MJPhotoToolbar.h; sourceTree = "<group>"; };
		8453F3C91DE5A0FE001D3905 /* MJPhotoToolbar.m */ = {isa = PBXFileReference; fileEncoding = 4; lastKnownFileType = sourcecode.c.objc; path = MJPhotoToolbar.m; sourceTree = "<group>"; };
		8453F3CA1DE5A0FE001D3905 /* MJPhotoView.h */ = {isa = PBXFileReference; fileEncoding = 4; lastKnownFileType = sourcecode.c.h; path = MJPhotoView.h; sourceTree = "<group>"; };
		8453F3CB1DE5A0FE001D3905 /* MJPhotoView.m */ = {isa = PBXFileReference; fileEncoding = 4; lastKnownFileType = sourcecode.c.objc; path = MJPhotoView.m; sourceTree = "<group>"; };
		84741D971DD095EB006ECD6D /* MainCollectinViewItem.swift */ = {isa = PBXFileReference; fileEncoding = 4; lastKnownFileType = sourcecode.swift; path = MainCollectinViewItem.swift; sourceTree = "<group>"; };
		84741DD51DD1BECC006ECD6D /* MyWaterflowLayout.h */ = {isa = PBXFileReference; fileEncoding = 4; lastKnownFileType = sourcecode.c.h; path = MyWaterflowLayout.h; sourceTree = "<group>"; };
		84741DD61DD1BECC006ECD6D /* MyWaterflowLayout.m */ = {isa = PBXFileReference; fileEncoding = 4; lastKnownFileType = sourcecode.c.objc; path = MyWaterflowLayout.m; sourceTree = "<group>"; };
		84741DD81DD1CFA4006ECD6D /* NetworkAPI.swift */ = {isa = PBXFileReference; fileEncoding = 4; lastKnownFileType = sourcecode.swift; path = NetworkAPI.swift; sourceTree = "<group>"; };
		84741DD91DD1CFA4006ECD6D /* NetworkCache.swift */ = {isa = PBXFileReference; fileEncoding = 4; lastKnownFileType = sourcecode.swift; path = NetworkCache.swift; sourceTree = "<group>"; };
		84741DDA1DD1CFA4006ECD6D /* NetworkEnum.swift */ = {isa = PBXFileReference; fileEncoding = 4; lastKnownFileType = sourcecode.swift; path = NetworkEnum.swift; sourceTree = "<group>"; };
		84741DDB1DD1CFA4006ECD6D /* NetworkError.swift */ = {isa = PBXFileReference; fileEncoding = 4; lastKnownFileType = sourcecode.swift; path = NetworkError.swift; sourceTree = "<group>"; };
		84741DDC1DD1CFA4006ECD6D /* NetworkObject.swift */ = {isa = PBXFileReference; fileEncoding = 4; lastKnownFileType = sourcecode.swift; path = NetworkObject.swift; sourceTree = "<group>"; };
		84741DDD1DD1CFA4006ECD6D /* NetworkURL.swift */ = {isa = PBXFileReference; fileEncoding = 4; lastKnownFileType = sourcecode.swift; path = NetworkURL.swift; sourceTree = "<group>"; };
		84741DE41DD2D727006ECD6D /* NetworkExtension.swift */ = {isa = PBXFileReference; fileEncoding = 4; lastKnownFileType = sourcecode.swift; path = NetworkExtension.swift; sourceTree = "<group>"; };
		84741DE61DD41C99006ECD6D /* Operator+.swift */ = {isa = PBXFileReference; fileEncoding = 4; lastKnownFileType = sourcecode.swift; path = "Operator+.swift"; sourceTree = "<group>"; };
		84741DEB1DD42F4F006ECD6D /* ImageDetailController.swift */ = {isa = PBXFileReference; fileEncoding = 4; lastKnownFileType = sourcecode.swift; path = ImageDetailController.swift; sourceTree = "<group>"; };
		84741DED1DD42F68006ECD6D /* ImageDetailModel.swift */ = {isa = PBXFileReference; fileEncoding = 4; lastKnownFileType = sourcecode.swift; path = ImageDetailModel.swift; sourceTree = "<group>"; };
		84741DEF1DD44923006ECD6D /* ImageDetailTableView.swift */ = {isa = PBXFileReference; fileEncoding = 4; lastKnownFileType = sourcecode.swift; path = ImageDetailTableView.swift; sourceTree = "<group>"; };
		84741DF31DD4499B006ECD6D /* ImageDetailTableViewItemBody.swift */ = {isa = PBXFileReference; fileEncoding = 4; lastKnownFileType = sourcecode.swift; path = ImageDetailTableViewItemBody.swift; sourceTree = "<group>"; };
		84741DF51DD449A4006ECD6D /* ImageDetailTableViewItemFoot.swift */ = {isa = PBXFileReference; fileEncoding = 4; lastKnownFileType = sourcecode.swift; path = ImageDetailTableViewItemFoot.swift; sourceTree = "<group>"; };
		84741DF71DD44BCA006ECD6D /* BaseTableView.swift */ = {isa = PBXFileReference; fileEncoding = 4; lastKnownFileType = sourcecode.swift; path = BaseTableView.swift; sourceTree = "<group>"; };
		84741DF91DD44BD8006ECD6D /* BaseTableViewRow.swift */ = {isa = PBXFileReference; fileEncoding = 4; lastKnownFileType = sourcecode.swift; path = BaseTableViewRow.swift; sourceTree = "<group>"; };
		848286E61DD9934100337721 /* RegisteTableViewItem.swift */ = {isa = PBXFileReference; fileEncoding = 4; lastKnownFileType = sourcecode.swift; path = RegisteTableViewItem.swift; sourceTree = "<group>"; };
		8488D4391DAA46FD000E703C /* VSCAM.app */ = {isa = PBXFileReference; explicitFileType = wrapper.application; includeInIndex = 0; path = VSCAM.app; sourceTree = BUILT_PRODUCTS_DIR; };
		8488D43C1DAA46FD000E703C /* AppDelegate.swift */ = {isa = PBXFileReference; lastKnownFileType = sourcecode.swift; path = AppDelegate.swift; sourceTree = "<group>"; };
		8488D43E1DAA46FD000E703C /* MainController.swift */ = {isa = PBXFileReference; lastKnownFileType = sourcecode.swift; path = MainController.swift; sourceTree = "<group>"; };
		8488D4411DAA46FD000E703C /* Base */ = {isa = PBXFileReference; lastKnownFileType = file.storyboard; name = Base; path = Base.lproj/Main.storyboard; sourceTree = "<group>"; };
		8488D4431DAA46FD000E703C /* Assets.xcassets */ = {isa = PBXFileReference; lastKnownFileType = folder.assetcatalog; path = Assets.xcassets; sourceTree = "<group>"; };
		8488D4461DAA46FD000E703C /* Base */ = {isa = PBXFileReference; lastKnownFileType = file.storyboard; name = Base; path = Base.lproj/LaunchScreen.storyboard; sourceTree = "<group>"; };
		8488D4481DAA46FD000E703C /* Info.plist */ = {isa = PBXFileReference; lastKnownFileType = text.plist.xml; path = Info.plist; sourceTree = "<group>"; };
		9360017F96E4BDCEAB425B24 /* Pods-VSCAM.debug.xcconfig */ = {isa = PBXFileReference; includeInIndex = 1; lastKnownFileType = text.xcconfig; name = "Pods-VSCAM.debug.xcconfig"; path = "Pods/Target Support Files/Pods-VSCAM/Pods-VSCAM.debug.xcconfig"; sourceTree = "<group>"; };
		D01B2475AE9C6785AF2EFBD0 /* Pods_VSCAM.framework */ = {isa = PBXFileReference; explicitFileType = wrapper.framework; includeInIndex = 0; path = Pods_VSCAM.framework; sourceTree = BUILT_PRODUCTS_DIR; };
/* End PBXFileReference section */

/* Begin PBXFrameworksBuildPhase section */
		123C13FB1E18CE8D00ED127B /* Frameworks */ = {
			isa = PBXFrameworksBuildPhase;
			buildActionMask = 2147483647;
			files = (
			);
			runOnlyForDeploymentPostprocessing = 0;
		};
		8488D4361DAA46FD000E703C /* Frameworks */ = {
			isa = PBXFrameworksBuildPhase;
			buildActionMask = 2147483647;
			files = (
				E6270A015DC0AB51F53DCF7A /* Pods_VSCAM.framework in Frameworks */,
			);
			runOnlyForDeploymentPostprocessing = 0;
		};
/* End PBXFrameworksBuildPhase section */

/* Begin PBXGroup section */
		1220F9D81DCB9C7C004379AD /* Main */ = {
			isa = PBXGroup;
			children = (
				1220F9E01DCB9D49004379AD /* Model */,
				1220F9DF1DCB9D45004379AD /* View */,
				1220F9DE1DCB9D3F004379AD /* Controller */,
			);
			name = Main;
			sourceTree = "<group>";
		};
		1220F9D91DCB9CA5004379AD /* UserDetail */ = {
			isa = PBXGroup;
			children = (
				12B3D4ED1DD72DF900BD4388 /* Model */,
				12B3D4EC1DD72DF500BD4388 /* View */,
				12B3D4EB1DD72DEF00BD4388 /* Controller */,
			);
			name = UserDetail;
			sourceTree = "<group>";
		};
		1220F9DA1DCB9CA9004379AD /* ImageDetail */ = {
			isa = PBXGroup;
			children = (
				84741DEA1DD429D8006ECD6D /* Model */,
				84741DE91DD429D4006ECD6D /* View */,
				84741DE81DD429CA006ECD6D /* Controller */,
			);
			name = ImageDetail;
			sourceTree = "<group>";
		};
		1220F9DB1DCB9CF5004379AD /* Setting */ = {
			isa = PBXGroup;
			children = (
				12E61F021DE08BD20087BDC3 /* Model */,
				12E61F011DE08BCE0087BDC3 /* View */,
				12E61F001DE08BC90087BDC3 /* Controller */,
			);
			name = Setting;
			sourceTree = "<group>";
		};
		1220F9DC1DCB9D02004379AD /* LoginRegiste */ = {
			isa = PBXGroup;
			children = (
				12B3D4FA1DD778BF00BD4388 /* Model */,
				12B3D4F91DD778BC00BD4388 /* View */,
				12B3D4F81DD778B700BD4388 /* Controller */,
			);
			name = LoginRegiste;
			sourceTree = "<group>";
		};
		1220F9DE1DCB9D3F004379AD /* Controller */ = {
			isa = PBXGroup;
			children = (
				8488D43E1DAA46FD000E703C /* MainController.swift */,
			);
			name = Controller;
			sourceTree = "<group>";
		};
		1220F9DF1DCB9D45004379AD /* View */ = {
			isa = PBXGroup;
			children = (
				123DD1171DCDCA690071C35B /* MainHeadView.swift */,
				121DE03B1DCCECA400479BF0 /* MainCollectinView.swift */,
				84741D971DD095EB006ECD6D /* MainCollectinViewItem.swift */,
			);
			name = View;
			sourceTree = "<group>";
		};
		1220F9E01DCB9D49004379AD /* Model */ = {
			isa = PBXGroup;
			children = (
				121DE0391DCCB11900479BF0 /* MainModel.swift */,
			);
			name = Model;
			sourceTree = "<group>";
		};
		1220F9E11DCB9EB6004379AD /* 3rdPart */ = {
			isa = PBXGroup;
			children = (
				125559FB1E3E1D2E00303F34 /* EFOpenController */,
				8453F3BE1DE5A0FE001D3905 /* MJPhotoBrowser */,
				84741DD41DD1BECC006ECD6D /* WaterFlowLayout */,
				1220F9E21DCB9EB6004379AD /* SecurityStrategy */,
			);
			path = 3rdPart;
			sourceTree = "<group>";
		};
		1220F9E21DCB9EB6004379AD /* SecurityStrategy */ = {
			isa = PBXGroup;
			children = (
				1220F9E31DCB9EB6004379AD /* SecurityStrategy.h */,
				1220F9E41DCB9EB6004379AD /* SecurityStrategy.m */,
			);
			path = SecurityStrategy;
			sourceTree = "<group>";
		};
		123C13FF1E18CE8D00ED127B /* VSCAMShareExtension */ = {
			isa = PBXGroup;
			children = (
				123C14001E18CE8D00ED127B /* ShareViewController.swift */,
				123C14021E18CE8D00ED127B /* MainInterface.storyboard */,
				123C14051E18CE8D00ED127B /* Info.plist */,
			);
			path = VSCAMShareExtension;
			sourceTree = "<group>";
		};
		125559FB1E3E1D2E00303F34 /* EFOpenController */ = {
			isa = PBXGroup;
			children = (
				125559FC1E3E1D2E00303F34 /* EFOpenController.h */,
				125559FD1E3E1D2E00303F34 /* EFOpenController.m */,
			);
			path = EFOpenController;
			sourceTree = "<group>";
		};
		129ED06F1DF69DA200E0AB0C /* About */ = {
			isa = PBXGroup;
			children = (
				129ED0721DF69DB900E0AB0C /* Model */,
				129ED0711DF69DB500E0AB0C /* View */,
				129ED0701DF69DAE00E0AB0C /* Controller */,
			);
			name = About;
			sourceTree = "<group>";
		};
		129ED0701DF69DAE00E0AB0C /* Controller */ = {
			isa = PBXGroup;
			children = (
				129ED0731DF69DC600E0AB0C /* AboutController.swift */,
			);
			name = Controller;
			sourceTree = "<group>";
		};
		129ED0711DF69DB500E0AB0C /* View */ = {
			isa = PBXGroup;
			children = (
				129ED0771DF6A00600E0AB0C /* AboutTableView.swift */,
				129ED0791DF6A01300E0AB0C /* AboutTableViewItemHeader.swift */,
				129ED07B1DF6A02100E0AB0C /* AboutTableViewItemSelections.swift */,
				129ED07D1DF6A03500E0AB0C /* AboutTableViewItemFooter.swift */,
			);
			name = View;
			sourceTree = "<group>";
		};
		129ED0721DF69DB900E0AB0C /* Model */ = {
			isa = PBXGroup;
			children = (
				129ED0751DF69DD000E0AB0C /* AboutModel.swift */,
			);
			name = Model;
			sourceTree = "<group>";
		};
		12B3D4EB1DD72DEF00BD4388 /* Controller */ = {
			isa = PBXGroup;
			children = (
				12B3D4EE1DD72E0700BD4388 /* UserDetailController.swift */,
			);
			name = Controller;
			sourceTree = "<group>";
		};
		12B3D4EC1DD72DF500BD4388 /* View */ = {
			isa = PBXGroup;
			children = (
				12B3D4F21DD72FA900BD4388 /* UserDetailHeadView.swift */,
				12B3D4F41DD72FB500BD4388 /* UserDetailCollectionView.swift */,
				12B3D4F61DD72FC100BD4388 /* UserDetailCollectionViewItem.swift */,
			);
			name = View;
			sourceTree = "<group>";
		};
		12B3D4ED1DD72DF900BD4388 /* Model */ = {
			isa = PBXGroup;
			children = (
				12B3D4F01DD72E7800BD4388 /* UserDetailModel.swift */,
			);
			name = Model;
			sourceTree = "<group>";
		};
		12B3D4F81DD778B700BD4388 /* Controller */ = {
			isa = PBXGroup;
			children = (
				12B3D4FB1DD778D000BD4388 /* LoginRegisteController.swift */,
			);
			name = Controller;
			sourceTree = "<group>";
		};
		12B3D4F91DD778BC00BD4388 /* View */ = {
			isa = PBXGroup;
			children = (
				12B3D4FF1DD8974000BD4388 /* LoginTableView.swift */,
				12B3D5031DD8A44400BD4388 /* LoginTableViewItem.swift */,
				12B3D5011DD89D0A00BD4388 /* RegisteTableView.swift */,
				848286E61DD9934100337721 /* RegisteTableViewItem.swift */,
			);
			name = View;
			sourceTree = "<group>";
		};
		12B3D4FA1DD778BF00BD4388 /* Model */ = {
			isa = PBXGroup;
			children = (
				12B3D4FD1DD778D900BD4388 /* LoginRegisteModel.swift */,
			);
			name = Model;
			sourceTree = "<group>";
		};
		12E61F001DE08BC90087BDC3 /* Controller */ = {
			isa = PBXGroup;
			children = (
				12E61F051DE08C5C0087BDC3 /* SettingController.swift */,
			);
			name = Controller;
			sourceTree = "<group>";
		};
		12E61F011DE08BCE0087BDC3 /* View */ = {
			isa = PBXGroup;
			children = (
				12E61F071DE08D6E0087BDC3 /* SettingTableView.swift */,
				12E61F091DE08D7B0087BDC3 /* SettingTableViewItem.swift */,
				129ED06D1DF697F300E0AB0C /* SettingTableViewItemExt.swift */,
			);
			name = View;
			sourceTree = "<group>";
		};
		12E61F021DE08BD20087BDC3 /* Model */ = {
			isa = PBXGroup;
			children = (
				12E61F031DE08C4F0087BDC3 /* SettingModel.swift */,
			);
			name = Model;
			sourceTree = "<group>";
		};
		12E61F0D1DE1EE240087BDC3 /* Publish */ = {
			isa = PBXGroup;
			children = (
				12E61F101DE1EE590087BDC3 /* Model */,
				12E61F0F1DE1EE560087BDC3 /* View */,
				12E61F0E1DE1EE510087BDC3 /* Controller */,
			);
			name = Publish;
			sourceTree = "<group>";
		};
		12E61F0E1DE1EE510087BDC3 /* Controller */ = {
			isa = PBXGroup;
			children = (
				12E61F111DE1EE690087BDC3 /* PublishController.swift */,
			);
			name = Controller;
			sourceTree = "<group>";
		};
		12E61F0F1DE1EE560087BDC3 /* View */ = {
			isa = PBXGroup;
			children = (
				127D288F1DE33CA90000A7A2 /* PublishTableView.swift */,
				127D28911DE33E990000A7A2 /* PublishTableViewItemHead.swift */,
				127D28931DE33F9A0000A7A2 /* PublishTableViewItemFoot.swift */,
			);
			name = View;
			sourceTree = "<group>";
		};
		12E61F101DE1EE590087BDC3 /* Model */ = {
			isa = PBXGroup;
			children = (
				12E61F131DE1F1960087BDC3 /* PublishModel.swift */,
			);
			name = Model;
			sourceTree = "<group>";
		};
		1E72319BE1B6AF20258DBE13 /* Frameworks */ = {
			isa = PBXGroup;
			children = (
				D01B2475AE9C6785AF2EFBD0 /* Pods_VSCAM.framework */,
			);
			name = Frameworks;
			sourceTree = "<group>";
		};
		8453F3BE1DE5A0FE001D3905 /* MJPhotoBrowser */ = {
			isa = PBXGroup;
			children = (
				8453F3BF1DE5A0FE001D3905 /* MJPhoto.h */,
				8453F3C01DE5A0FE001D3905 /* MJPhoto.m */,
				8453F3C11DE5A0FE001D3905 /* MJPhotoBrowser.bundle */,
				8453F3C21DE5A0FE001D3905 /* MJPhotoBrowser.h */,
				8453F3C31DE5A0FE001D3905 /* MJPhotoBrowser.m */,
				8453F3C41DE5A0FE001D3905 /* MJPhotoLoadingView.h */,
				8453F3C51DE5A0FE001D3905 /* MJPhotoLoadingView.m */,
				8453F3C61DE5A0FE001D3905 /* MJPhotoProgressView.h */,
				8453F3C71DE5A0FE001D3905 /* MJPhotoProgressView.m */,
				8453F3C81DE5A0FE001D3905 /* MJPhotoToolbar.h */,
				8453F3C91DE5A0FE001D3905 /* MJPhotoToolbar.m */,
				8453F3CA1DE5A0FE001D3905 /* MJPhotoView.h */,
				8453F3CB1DE5A0FE001D3905 /* MJPhotoView.m */,
			);
			path = MJPhotoBrowser;
			sourceTree = "<group>";
		};
		84741DD41DD1BECC006ECD6D /* WaterFlowLayout */ = {
			isa = PBXGroup;
			children = (
				84741DD51DD1BECC006ECD6D /* MyWaterflowLayout.h */,
				84741DD61DD1BECC006ECD6D /* MyWaterflowLayout.m */,
			);
			path = WaterFlowLayout;
			sourceTree = "<group>";
		};
		84741DE81DD429CA006ECD6D /* Controller */ = {
			isa = PBXGroup;
			children = (
				84741DEB1DD42F4F006ECD6D /* ImageDetailController.swift */,
			);
			name = Controller;
			sourceTree = "<group>";
		};
		84741DE91DD429D4006ECD6D /* View */ = {
			isa = PBXGroup;
			children = (
				84741DEF1DD44923006ECD6D /* ImageDetailTableView.swift */,
				843DE4061DD5B99D001A2A32 /* ImageDetailTableViewItemHead.swift */,
				84741DF31DD4499B006ECD6D /* ImageDetailTableViewItemBody.swift */,
				84741DF51DD449A4006ECD6D /* ImageDetailTableViewItemFoot.swift */,
			);
			name = View;
			sourceTree = "<group>";
		};
		84741DEA1DD429D8006ECD6D /* Model */ = {
			isa = PBXGroup;
			children = (
				84741DED1DD42F68006ECD6D /* ImageDetailModel.swift */,
			);
			name = Model;
			sourceTree = "<group>";
		};
		8488D4301DAA46FD000E703C = {
			isa = PBXGroup;
			children = (
				8488D43B1DAA46FD000E703C /* VSCAM */,
				123C13FF1E18CE8D00ED127B /* VSCAMShareExtension */,
				8488D43A1DAA46FD000E703C /* Products */,
				AFC4A15EFCBB0D2C18D69B32 /* Pods */,
				1E72319BE1B6AF20258DBE13 /* Frameworks */,
			);
			sourceTree = "<group>";
		};
		8488D43A1DAA46FD000E703C /* Products */ = {
			isa = PBXGroup;
			children = (
				8488D4391DAA46FD000E703C /* VSCAM.app */,
				123C13FE1E18CE8D00ED127B /* VSCAMShareExtension.appex */,
			);
			name = Products;
			sourceTree = "<group>";
		};
		8488D43B1DAA46FD000E703C /* VSCAM */ = {
			isa = PBXGroup;
			children = (
				1220F9E11DCB9EB6004379AD /* 3rdPart */,
				8488D44E1DAA4986000E703C /* Res */,
				8488D4501DAA499E000E703C /* Controls */,
				8488D4511DAA49AA000E703C /* Extension */,
				8488D4521DAA49B7000E703C /* Global */,
				8488D4531DAA49C1000E703C /* Network */,
				8488D43C1DAA46FD000E703C /* AppDelegate.swift */,
				1220F9E81DCBA1A6004379AD /* MainNavigationController.swift */,
				8488D4541DAA49CE000E703C /* MVC */,
				8488D4551DAA49DD000E703C /* Supporting Files */,
			);
			path = VSCAM;
			sourceTree = "<group>";
		};
		8488D44E1DAA4986000E703C /* Res */ = {
			isa = PBXGroup;
			children = (
				1216764D20638BDC00872D06 /* R.generated.swift */,
				12F625631E349C3200356EF3 /* Localizable.strings */,
				8488D4401DAA46FD000E703C /* Main.storyboard */,
				8488D4431DAA46FD000E703C /* Assets.xcassets */,
				8488D4451DAA46FD000E703C /* LaunchScreen.storyboard */,
			);
			name = Res;
			sourceTree = "<group>";
		};
		8488D4501DAA499E000E703C /* Controls */ = {
			isa = PBXGroup;
			children = (
				12E61F0B1DE1B4AC0087BDC3 /* LoadingView.swift */,
				1298EDE61DAE983700F8B4BD /* BaseViewController.swift */,
				123DD11B1DCF1FCD0071C35B /* BaseCollectionView.swift */,
				123DD11D1DCF20130071C35B /* BaseCollectionViewItem.swift */,
				84741DF71DD44BCA006ECD6D /* BaseTableView.swift */,
				12C8EAC31E0BF4BA00B29707 /* BaseTableViewSection.swift */,
				84741DF91DD44BD8006ECD6D /* BaseTableViewRow.swift */,
			);
			name = Controls;
			sourceTree = "<group>";
		};
		8488D4511DAA49AA000E703C /* Extension */ = {
			isa = PBXGroup;
			children = (
				84741DE61DD41C99006ECD6D /* Operator+.swift */,
				12F229B81DD2228600C0F6D0 /* Double+.swift */,
				122429D81DB3D8FF00C8EE29 /* Int+.swift */,
				122429DA1DB3D95E00C8EE29 /* String+.swift */,
				128FAA761DD4DC72005A914A /* Date+.swift */,
				122429CC1DB3D00A00C8EE29 /* NSURL+.swift */,
				122429D41DB3D79300C8EE29 /* CGSize+.swift */,
				122429D61DB3D8B000C8EE29 /* CGFloat+.swift */,
				122429D21DB3D49400C8EE29 /* UIColor+.swift */,
				122429D01DB3D46A00C8EE29 /* UIImage+.swift */,
				123DD1191DCE4B3A0071C35B /* UIImageView+.swift */,
				843DE4041DD5AB0D001A2A32 /* UITableView+.swift */,
				122429DD1DB3DCF700C8EE29 /* UIViewController+.swift */,
				122429CE1DB3D44800C8EE29 /* UINavigationController+.swift */,
				12E61F151DE1F4D70087BDC3 /* UILable+.swift */,
			);
			name = Extension;
			sourceTree = "<group>";
		};
		8488D4521DAA49B7000E703C /* Global */ = {
			isa = PBXGroup;
			children = (
				1220F9E61DCB9F5F004379AD /* Tag.swift */,
				1298EDEA1DAE984400F8B4BD /* Define.swift */,
				1298EDEB1DAE984400F8B4BD /* Function.swift */,
				1298EDEC1DAE984400F8B4BD /* Regex.swift */,
				1298EDED1DAE984400F8B4BD /* Variable.swift */,
			);
			name = Global;
			sourceTree = "<group>";
		};
		8488D4531DAA49C1000E703C /* Network */ = {
			isa = PBXGroup;
			children = (
				84741DD81DD1CFA4006ECD6D /* NetworkAPI.swift */,
				84741DD91DD1CFA4006ECD6D /* NetworkCache.swift */,
				84741DDA1DD1CFA4006ECD6D /* NetworkEnum.swift */,
				84741DDB1DD1CFA4006ECD6D /* NetworkError.swift */,
				84741DDC1DD1CFA4006ECD6D /* NetworkObject.swift */,
				84741DDD1DD1CFA4006ECD6D /* NetworkURL.swift */,
				84741DE41DD2D727006ECD6D /* NetworkExtension.swift */,
			);
			name = Network;
			sourceTree = "<group>";
		};
		8488D4541DAA49CE000E703C /* MVC */ = {
			isa = PBXGroup;
			children = (
				1220F9D81DCB9C7C004379AD /* Main */,
				1220F9D91DCB9CA5004379AD /* UserDetail */,
				1220F9DA1DCB9CA9004379AD /* ImageDetail */,
				1220F9DC1DCB9D02004379AD /* LoginRegiste */,
				1220F9DB1DCB9CF5004379AD /* Setting */,
				12E61F0D1DE1EE240087BDC3 /* Publish */,
				129ED06F1DF69DA200E0AB0C /* About */,
			);
			name = MVC;
			sourceTree = "<group>";
		};
		8488D4551DAA49DD000E703C /* Supporting Files */ = {
			isa = PBXGroup;
			children = (
				125559F91E3E188800303F34 /* EFOpenController.json */,
				8488D4481DAA46FD000E703C /* Info.plist */,
				122429DC1DB3D99F00C8EE29 /* VSCAM-Bridging-Header.h */,
			);
			name = "Supporting Files";
			sourceTree = "<group>";
		};
		AFC4A15EFCBB0D2C18D69B32 /* Pods */ = {
			isa = PBXGroup;
			children = (
				9360017F96E4BDCEAB425B24 /* Pods-VSCAM.debug.xcconfig */,
				6AFA9DAD913860BE44775608 /* Pods-VSCAM.release.xcconfig */,
			);
			name = Pods;
			sourceTree = "<group>";
		};
/* End PBXGroup section */

/* Begin PBXNativeTarget section */
		123C13FD1E18CE8D00ED127B /* VSCAMShareExtension */ = {
			isa = PBXNativeTarget;
			buildConfigurationList = 123C140B1E18CE8E00ED127B /* Build configuration list for PBXNativeTarget "VSCAMShareExtension" */;
			buildPhases = (
				123C13FA1E18CE8D00ED127B /* Sources */,
				123C13FB1E18CE8D00ED127B /* Frameworks */,
				123C13FC1E18CE8D00ED127B /* Resources */,
			);
			buildRules = (
			);
			dependencies = (
			);
			name = VSCAMShareExtension;
			productName = VSCAMShareExtension;
			productReference = 123C13FE1E18CE8D00ED127B /* VSCAMShareExtension.appex */;
			productType = "com.apple.product-type.app-extension";
		};
		8488D4381DAA46FD000E703C /* VSCAM */ = {
			isa = PBXNativeTarget;
			buildConfigurationList = 8488D44B1DAA46FD000E703C /* Build configuration list for PBXNativeTarget "VSCAM" */;
			buildPhases = (
				F27AC73B40782171E4CE4518 /* [CP] Check Pods Manifest.lock */,
				1216764C20638B8D00872D06 /* R.swift */,
				8488D4351DAA46FD000E703C /* Sources */,
				8488D4361DAA46FD000E703C /* Frameworks */,
				8488D4371DAA46FD000E703C /* Resources */,
				835A624CD3466F729B7575F7 /* [CP] Embed Pods Frameworks */,
				306710A19D3B89DE7E18A689 /* [CP] Copy Pods Resources */,
				123C140C1E18CE8E00ED127B /* Embed App Extensions */,
				12E195881E23A7C400EEDA0B /* Fabric */,
			);
			buildRules = (
			);
			dependencies = (
				123C14071E18CE8D00ED127B /* PBXTargetDependency */,
			);
			name = VSCAM;
			productName = VSCAM;
			productReference = 8488D4391DAA46FD000E703C /* VSCAM.app */;
			productType = "com.apple.product-type.application";
		};
/* End PBXNativeTarget section */

/* Begin PBXProject section */
		8488D4311DAA46FD000E703C /* Project object */ = {
			isa = PBXProject;
			attributes = {
				LastSwiftUpdateCheck = 0820;
				LastUpgradeCheck = 0900;
				ORGANIZATIONNAME = EyreFree;
				TargetAttributes = {
					123C13FD1E18CE8D00ED127B = {
						CreatedOnToolsVersion = 8.2;
						DevelopmentTeam = P3X2725LYY;
						LastSwiftMigration = 0900;
						ProvisioningStyle = Automatic;
					};
					8488D4381DAA46FD000E703C = {
						CreatedOnToolsVersion = 8.0;
						DevelopmentTeam = P3X2725LYY;
						LastSwiftMigration = 0900;
						ProvisioningStyle = Automatic;
					};
				};
			};
			buildConfigurationList = 8488D4341DAA46FD000E703C /* Build configuration list for PBXProject "VSCAM" */;
			compatibilityVersion = "Xcode 3.2";
			developmentRegion = English;
			hasScannedForEncodings = 0;
			knownRegions = (
				en,
				Base,
				"zh-Hans",
				"zh-Hant",
			);
			mainGroup = 8488D4301DAA46FD000E703C;
			productRefGroup = 8488D43A1DAA46FD000E703C /* Products */;
			projectDirPath = "";
			projectRoot = "";
			targets = (
				8488D4381DAA46FD000E703C /* VSCAM */,
				123C13FD1E18CE8D00ED127B /* VSCAMShareExtension */,
			);
		};
/* End PBXProject section */

/* Begin PBXResourcesBuildPhase section */
		123C13FC1E18CE8D00ED127B /* Resources */ = {
			isa = PBXResourcesBuildPhase;
			buildActionMask = 2147483647;
			files = (
				123C14041E18CE8D00ED127B /* MainInterface.storyboard in Resources */,
			);
			runOnlyForDeploymentPostprocessing = 0;
		};
		8488D4371DAA46FD000E703C /* Resources */ = {
			isa = PBXResourcesBuildPhase;
			buildActionMask = 2147483647;
			files = (
				12F625611E349C3200356EF3 /* Localizable.strings in Resources */,
				8488D4471DAA46FD000E703C /* LaunchScreen.storyboard in Resources */,
				125559FA1E3E188800303F34 /* EFOpenController.json in Resources */,
				8488D4441DAA46FD000E703C /* Assets.xcassets in Resources */,
				8453F3CD1DE5A0FE001D3905 /* MJPhotoBrowser.bundle in Resources */,
				8488D4421DAA46FD000E703C /* Main.storyboard in Resources */,
			);
			runOnlyForDeploymentPostprocessing = 0;
		};
/* End PBXResourcesBuildPhase section */

/* Begin PBXShellScriptBuildPhase section */
		1216764C20638B8D00872D06 /* R.swift */ = {
			isa = PBXShellScriptBuildPhase;
			buildActionMask = 2147483647;
			files = (
			);
			inputPaths = (
			);
			name = R.swift;
			outputPaths = (
			);
			runOnlyForDeploymentPostprocessing = 0;
			shellPath = /bin/sh;
			shellScript = "\"$PODS_ROOT/R.swift/rswift\" generate \"$SRCROOT\"";
		};
		12E195881E23A7C400EEDA0B /* Fabric */ = {
			isa = PBXShellScriptBuildPhase;
			buildActionMask = 2147483647;
			files = (
			);
			inputPaths = (
			);
			name = Fabric;
			outputPaths = (
			);
			runOnlyForDeploymentPostprocessing = 0;
			shellPath = /bin/sh;
			shellScript = "\"${PODS_ROOT}/Fabric/run\" 87b627df0c46f63678df0870ac602fcd8ea18c1c 7441065bc67fcce4bb864bd117e84d8eea3ff6c24d9f14a83c26cf1e350e8d20";
		};
		306710A19D3B89DE7E18A689 /* [CP] Copy Pods Resources */ = {
			isa = PBXShellScriptBuildPhase;
			buildActionMask = 2147483647;
			files = (
			);
			inputPaths = (
			);
			name = "[CP] Copy Pods Resources";
			outputPaths = (
			);
			runOnlyForDeploymentPostprocessing = 0;
			shellPath = /bin/sh;
			shellScript = "\"${SRCROOT}/Pods/Target Support Files/Pods-VSCAM/Pods-VSCAM-resources.sh\"\n";
			showEnvVarsInLog = 0;
		};
		835A624CD3466F729B7575F7 /* [CP] Embed Pods Frameworks */ = {
			isa = PBXShellScriptBuildPhase;
			buildActionMask = 2147483647;
			files = (
			);
			inputPaths = (
				"${SRCROOT}/Pods/Target Support Files/Pods-VSCAM/Pods-VSCAM-frameworks.sh",
				"${BUILT_PRODUCTS_DIR}/Alamofire/Alamofire.framework",
				"${BUILT_PRODUCTS_DIR}/JGProgressHUD/JGProgressHUD.framework",
				"${BUILT_PRODUCTS_DIR}/KMPlaceholderTextView/KMPlaceholderTextView.framework",
				"${BUILT_PRODUCTS_DIR}/LFRoundProgressView/LFRoundProgressView.framework",
				"${BUILT_PRODUCTS_DIR}/MJRefresh/MJRefresh.framework",
				"${BUILT_PRODUCTS_DIR}/NJKWebViewProgress/NJKWebViewProgress.framework",
				"${BUILT_PRODUCTS_DIR}/R.swift.Library/Rswift.framework",
				"${BUILT_PRODUCTS_DIR}/RxCocoa/RxCocoa.framework",
				"${BUILT_PRODUCTS_DIR}/RxSwift/RxSwift.framework",
				"${BUILT_PRODUCTS_DIR}/SDWebImage/SDWebImage.framework",
				"${BUILT_PRODUCTS_DIR}/SVProgressHUD/SVProgressHUD.framework",
				"${BUILT_PRODUCTS_DIR}/SnapKit/SnapKit.framework",
				"${BUILT_PRODUCTS_DIR}/SwiftMessages/SwiftMessages.framework",
				"${BUILT_PRODUCTS_DIR}/YLGIFImage/YLGIFImage.framework",
			);
			name = "[CP] Embed Pods Frameworks";
			outputPaths = (
				"${TARGET_BUILD_DIR}/${FRAMEWORKS_FOLDER_PATH}/Alamofire.framework",
				"${TARGET_BUILD_DIR}/${FRAMEWORKS_FOLDER_PATH}/JGProgressHUD.framework",
				"${TARGET_BUILD_DIR}/${FRAMEWORKS_FOLDER_PATH}/KMPlaceholderTextView.framework",
				"${TARGET_BUILD_DIR}/${FRAMEWORKS_FOLDER_PATH}/LFRoundProgressView.framework",
				"${TARGET_BUILD_DIR}/${FRAMEWORKS_FOLDER_PATH}/MJRefresh.framework",
				"${TARGET_BUILD_DIR}/${FRAMEWORKS_FOLDER_PATH}/NJKWebViewProgress.framework",
				"${TARGET_BUILD_DIR}/${FRAMEWORKS_FOLDER_PATH}/Rswift.framework",
				"${TARGET_BUILD_DIR}/${FRAMEWORKS_FOLDER_PATH}/RxCocoa.framework",
				"${TARGET_BUILD_DIR}/${FRAMEWORKS_FOLDER_PATH}/RxSwift.framework",
				"${TARGET_BUILD_DIR}/${FRAMEWORKS_FOLDER_PATH}/SDWebImage.framework",
				"${TARGET_BUILD_DIR}/${FRAMEWORKS_FOLDER_PATH}/SVProgressHUD.framework",
				"${TARGET_BUILD_DIR}/${FRAMEWORKS_FOLDER_PATH}/SnapKit.framework",
				"${TARGET_BUILD_DIR}/${FRAMEWORKS_FOLDER_PATH}/SwiftMessages.framework",
				"${TARGET_BUILD_DIR}/${FRAMEWORKS_FOLDER_PATH}/YLGIFImage.framework",
			);
			runOnlyForDeploymentPostprocessing = 0;
			shellPath = /bin/sh;
			shellScript = "\"${SRCROOT}/Pods/Target Support Files/Pods-VSCAM/Pods-VSCAM-frameworks.sh\"\n";
			showEnvVarsInLog = 0;
		};
		F27AC73B40782171E4CE4518 /* [CP] Check Pods Manifest.lock */ = {
			isa = PBXShellScriptBuildPhase;
			buildActionMask = 2147483647;
			files = (
			);
			inputPaths = (
				"${PODS_PODFILE_DIR_PATH}/Podfile.lock",
				"${PODS_ROOT}/Manifest.lock",
			);
			name = "[CP] Check Pods Manifest.lock";
			outputPaths = (
				"$(DERIVED_FILE_DIR)/Pods-VSCAM-checkManifestLockResult.txt",
			);
			runOnlyForDeploymentPostprocessing = 0;
			shellPath = /bin/sh;
			shellScript = "diff \"${PODS_PODFILE_DIR_PATH}/Podfile.lock\" \"${PODS_ROOT}/Manifest.lock\" > /dev/null\nif [ $? != 0 ] ; then\n    # print error to STDERR\n    echo \"error: The sandbox is not in sync with the Podfile.lock. Run 'pod install' or update your CocoaPods installation.\" >&2\n    exit 1\nfi\n# This output is used by Xcode 'outputs' to avoid re-running this script phase.\necho \"SUCCESS\" > \"${SCRIPT_OUTPUT_FILE_0}\"\n";
			showEnvVarsInLog = 0;
		};
/* End PBXShellScriptBuildPhase section */

/* Begin PBXSourcesBuildPhase section */
		123C13FA1E18CE8D00ED127B /* Sources */ = {
			isa = PBXSourcesBuildPhase;
			buildActionMask = 2147483647;
			files = (
				123C14011E18CE8D00ED127B /* ShareViewController.swift in Sources */,
			);
			runOnlyForDeploymentPostprocessing = 0;
		};
		8488D4351DAA46FD000E703C /* Sources */ = {
			isa = PBXSourcesBuildPhase;
			buildActionMask = 2147483647;
			files = (
				8453F3CE1DE5A0FE001D3905 /* MJPhotoBrowser.m in Sources */,
				12E61F0A1DE08D7B0087BDC3 /* SettingTableViewItem.swift in Sources */,
				8488D43F1DAA46FD000E703C /* MainController.swift in Sources */,
				12B3D4FE1DD778D900BD4388 /* LoginRegisteModel.swift in Sources */,
				12B3D5021DD89D0A00BD4388 /* RegisteTableView.swift in Sources */,
				122429CF1DB3D44800C8EE29 /* UINavigationController+.swift in Sources */,
				843DE4051DD5AB0D001A2A32 /* UITableView+.swift in Sources */,
				843DE4071DD5B99D001A2A32 /* ImageDetailTableViewItemHead.swift in Sources */,
				122429D91DB3D8FF00C8EE29 /* Int+.swift in Sources */,
				12E61F061DE08C5C0087BDC3 /* SettingController.swift in Sources */,
				84741DDE1DD1CFA4006ECD6D /* NetworkAPI.swift in Sources */,
				84741DEE1DD42F68006ECD6D /* ImageDetailModel.swift in Sources */,
				84741DF81DD44BCA006ECD6D /* BaseTableView.swift in Sources */,
				8488D43D1DAA46FD000E703C /* AppDelegate.swift in Sources */,
				129ED07A1DF6A01300E0AB0C /* AboutTableViewItemHeader.swift in Sources */,
				129ED0761DF69DD000E0AB0C /* AboutModel.swift in Sources */,
				84741DF41DD4499B006ECD6D /* ImageDetailTableViewItemBody.swift in Sources */,
				84741DE11DD1CFA4006ECD6D /* NetworkError.swift in Sources */,
				1298EDE81DAE983700F8B4BD /* BaseViewController.swift in Sources */,
				12B3D4F51DD72FB500BD4388 /* UserDetailCollectionView.swift in Sources */,
				123DD11C1DCF1FCD0071C35B /* BaseCollectionView.swift in Sources */,
				84741DE01DD1CFA4006ECD6D /* NetworkEnum.swift in Sources */,
				84741DE31DD1CFA4006ECD6D /* NetworkURL.swift in Sources */,
				12B3D4EF1DD72E0700BD4388 /* UserDetailController.swift in Sources */,
				84741D981DD095EB006ECD6D /* MainCollectinViewItem.swift in Sources */,
				122429CD1DB3D00A00C8EE29 /* NSURL+.swift in Sources */,
				8453F3D21DE5A0FE001D3905 /* MJPhotoView.m in Sources */,
				84741DEC1DD42F4F006ECD6D /* ImageDetailController.swift in Sources */,
				12B3D4F11DD72E7800BD4388 /* UserDetailModel.swift in Sources */,
				1220F9E71DCB9F5F004379AD /* Tag.swift in Sources */,
				123DD1181DCDCA690071C35B /* MainHeadView.swift in Sources */,
				129ED07E1DF6A03500E0AB0C /* AboutTableViewItemFooter.swift in Sources */,
				127D28921DE33E990000A7A2 /* PublishTableViewItemHead.swift in Sources */,
				122429DE1DB3DCF700C8EE29 /* UIViewController+.swift in Sources */,
				121DE03A1DCCB11900479BF0 /* MainModel.swift in Sources */,
				12E61F0C1DE1B4AC0087BDC3 /* LoadingView.swift in Sources */,
				84741DE21DD1CFA4006ECD6D /* NetworkObject.swift in Sources */,
				1220F9E51DCB9EB6004379AD /* SecurityStrategy.m in Sources */,
				123DD11E1DCF20130071C35B /* BaseCollectionViewItem.swift in Sources */,
				84741DD71DD1BECC006ECD6D /* MyWaterflowLayout.m in Sources */,
				12B3D4FC1DD778D000BD4388 /* LoginRegisteController.swift in Sources */,
				1220F9E91DCBA1A6004379AD /* MainNavigationController.swift in Sources */,
				8453F3CC1DE5A0FE001D3905 /* MJPhoto.m in Sources */,
				84741DDF1DD1CFA4006ECD6D /* NetworkCache.swift in Sources */,
				122429D31DB3D49400C8EE29 /* UIColor+.swift in Sources */,
				125559FE1E3E1D2E00303F34 /* EFOpenController.m in Sources */,
				1298EDF01DAE984400F8B4BD /* Regex.swift in Sources */,
				12F229B91DD2228600C0F6D0 /* Double+.swift in Sources */,
				1298EDEF1DAE984400F8B4BD /* Function.swift in Sources */,
				12E61F041DE08C4F0087BDC3 /* SettingModel.swift in Sources */,
				12B3D4F31DD72FA900BD4388 /* UserDetailHeadView.swift in Sources */,
				84741DF01DD44923006ECD6D /* ImageDetailTableView.swift in Sources */,
				8453F3D11DE5A0FE001D3905 /* MJPhotoToolbar.m in Sources */,
				84741DE51DD2D727006ECD6D /* NetworkExtension.swift in Sources */,
				1298EDEE1DAE984400F8B4BD /* Define.swift in Sources */,
				848286E71DD9934100337721 /* RegisteTableViewItem.swift in Sources */,
				129ED07C1DF6A02100E0AB0C /* AboutTableViewItemSelections.swift in Sources */,
				122429DB1DB3D95E00C8EE29 /* String+.swift in Sources */,
				129ED06E1DF697F300E0AB0C /* SettingTableViewItemExt.swift in Sources */,
				12C8EAC41E0BF4BA00B29707 /* BaseTableViewSection.swift in Sources */,
				12E61F161DE1F4D70087BDC3 /* UILable+.swift in Sources */,
				129ED0741DF69DC600E0AB0C /* AboutController.swift in Sources */,
				12E61F121DE1EE690087BDC3 /* PublishController.swift in Sources */,
				128FAA771DD4DC72005A914A /* Date+.swift in Sources */,
				122429D51DB3D79300C8EE29 /* CGSize+.swift in Sources */,
				8453F3CF1DE5A0FE001D3905 /* MJPhotoLoadingView.m in Sources */,
				122429D11DB3D46A00C8EE29 /* UIImage+.swift in Sources */,
				8453F3D01DE5A0FE001D3905 /* MJPhotoProgressView.m in Sources */,
				129ED0781DF6A00600E0AB0C /* AboutTableView.swift in Sources */,
				12B3D4F71DD72FC100BD4388 /* UserDetailCollectionViewItem.swift in Sources */,
				12E61F141DE1F1960087BDC3 /* PublishModel.swift in Sources */,
				1216764E20638BDC00872D06 /* R.generated.swift in Sources */,
				12E61F081DE08D6E0087BDC3 /* SettingTableView.swift in Sources */,
				122429D71DB3D8B000C8EE29 /* CGFloat+.swift in Sources */,
				1298EDF11DAE984400F8B4BD /* Variable.swift in Sources */,
				84741DE71DD41C99006ECD6D /* Operator+.swift in Sources */,
				84741DF61DD449A4006ECD6D /* ImageDetailTableViewItemFoot.swift in Sources */,
				121DE03C1DCCECA400479BF0 /* MainCollectinView.swift in Sources */,
				127D28901DE33CA90000A7A2 /* PublishTableView.swift in Sources */,
				12B3D5001DD8974000BD4388 /* LoginTableView.swift in Sources */,
				123DD11A1DCE4B3A0071C35B /* UIImageView+.swift in Sources */,
				12B3D5041DD8A44400BD4388 /* LoginTableViewItem.swift in Sources */,
				127D28941DE33F9A0000A7A2 /* PublishTableViewItemFoot.swift in Sources */,
				84741DFA1DD44BD8006ECD6D /* BaseTableViewRow.swift in Sources */,
			);
			runOnlyForDeploymentPostprocessing = 0;
		};
/* End PBXSourcesBuildPhase section */

/* Begin PBXTargetDependency section */
		123C14071E18CE8D00ED127B /* PBXTargetDependency */ = {
			isa = PBXTargetDependency;
			target = 123C13FD1E18CE8D00ED127B /* VSCAMShareExtension */;
			targetProxy = 123C14061E18CE8D00ED127B /* PBXContainerItemProxy */;
		};
/* End PBXTargetDependency section */

/* Begin PBXVariantGroup section */
		123C14021E18CE8D00ED127B /* MainInterface.storyboard */ = {
			isa = PBXVariantGroup;
			children = (
				123C14031E18CE8D00ED127B /* Base */,
				12F625661E349DB100356EF3 /* zh-Hans */,
				12F6256A1E349DB500356EF3 /* zh-Hant */,
			);
			name = MainInterface.storyboard;
			sourceTree = "<group>";
		};
		12F625631E349C3200356EF3 /* Localizable.strings */ = {
			isa = PBXVariantGroup;
			children = (
				12F625671E349DB100356EF3 /* zh-Hans */,
				12F6256B1E349DB500356EF3 /* zh-Hant */,
				12F6256C1E349DC500356EF3 /* en */,
			);
			name = Localizable.strings;
			path = ..;
			sourceTree = "<group>";
		};
		8488D4401DAA46FD000E703C /* Main.storyboard */ = {
			isa = PBXVariantGroup;
			children = (
				8488D4411DAA46FD000E703C /* Base */,
				12F625641E349DB100356EF3 /* zh-Hans */,
				12F625681E349DB500356EF3 /* zh-Hant */,
			);
			name = Main.storyboard;
			sourceTree = "<group>";
		};
		8488D4451DAA46FD000E703C /* LaunchScreen.storyboard */ = {
			isa = PBXVariantGroup;
			children = (
				8488D4461DAA46FD000E703C /* Base */,
				12F625651E349DB100356EF3 /* zh-Hans */,
				12F625691E349DB500356EF3 /* zh-Hant */,
			);
			name = LaunchScreen.storyboard;
			sourceTree = "<group>";
		};
/* End PBXVariantGroup section */

/* Begin XCBuildConfiguration section */
		123C14091E18CE8E00ED127B /* Debug */ = {
			isa = XCBuildConfiguration;
			buildSettings = {
				DEVELOPMENT_TEAM = P3X2725LYY;
				INFOPLIST_FILE = VSCAMShareExtension/Info.plist;
				IPHONEOS_DEPLOYMENT_TARGET = 9.0;
				LD_RUNPATH_SEARCH_PATHS = "$(inherited) @executable_path/Frameworks @executable_path/../../Frameworks";
				PRODUCT_BUNDLE_IDENTIFIER = com.EyreFree.VSCAM.VSCAMShareExtension;
				PRODUCT_NAME = "$(TARGET_NAME)";
				SKIP_INSTALL = YES;
				SWIFT_SWIFT3_OBJC_INFERENCE = Default;
				SWIFT_VERSION = 4.0;
				TARGETED_DEVICE_FAMILY = 1;
			};
			name = Debug;
		};
		123C140A1E18CE8E00ED127B /* Release */ = {
			isa = XCBuildConfiguration;
			buildSettings = {
				DEVELOPMENT_TEAM = P3X2725LYY;
				INFOPLIST_FILE = VSCAMShareExtension/Info.plist;
				IPHONEOS_DEPLOYMENT_TARGET = 9.0;
				LD_RUNPATH_SEARCH_PATHS = "$(inherited) @executable_path/Frameworks @executable_path/../../Frameworks";
				PRODUCT_BUNDLE_IDENTIFIER = com.EyreFree.VSCAM.VSCAMShareExtension;
				PRODUCT_NAME = "$(TARGET_NAME)";
				SKIP_INSTALL = YES;
				SWIFT_SWIFT3_OBJC_INFERENCE = Default;
				SWIFT_VERSION = 4.0;
				TARGETED_DEVICE_FAMILY = 1;
			};
			name = Release;
		};
		8488D4491DAA46FD000E703C /* Debug */ = {
			isa = XCBuildConfiguration;
			buildSettings = {
				ALWAYS_SEARCH_USER_PATHS = NO;
				CLANG_ANALYZER_LOCALIZABILITY_NONLOCALIZED = YES;
				CLANG_ANALYZER_NONNULL = YES;
				CLANG_CXX_LANGUAGE_STANDARD = "gnu++0x";
				CLANG_CXX_LIBRARY = "libc++";
				CLANG_ENABLE_MODULES = YES;
				CLANG_ENABLE_OBJC_ARC = YES;
				CLANG_WARN_BLOCK_CAPTURE_AUTORELEASING = YES;
				CLANG_WARN_BOOL_CONVERSION = YES;
				CLANG_WARN_COMMA = YES;
				CLANG_WARN_CONSTANT_CONVERSION = YES;
				CLANG_WARN_DIRECT_OBJC_ISA_USAGE = YES_ERROR;
				CLANG_WARN_DOCUMENTATION_COMMENTS = YES;
				CLANG_WARN_EMPTY_BODY = YES;
				CLANG_WARN_ENUM_CONVERSION = YES;
				CLANG_WARN_INFINITE_RECURSION = YES;
				CLANG_WARN_INT_CONVERSION = YES;
				CLANG_WARN_NON_LITERAL_NULL_CONVERSION = YES;
				CLANG_WARN_OBJC_LITERAL_CONVERSION = YES;
				CLANG_WARN_OBJC_ROOT_CLASS = YES_ERROR;
				CLANG_WARN_RANGE_LOOP_ANALYSIS = YES;
				CLANG_WARN_STRICT_PROTOTYPES = YES;
				CLANG_WARN_SUSPICIOUS_MOVE = YES;
				CLANG_WARN_SUSPICIOUS_MOVES = YES;
				CLANG_WARN_UNREACHABLE_CODE = YES;
				CLANG_WARN__DUPLICATE_METHOD_MATCH = YES;
				"CODE_SIGN_IDENTITY[sdk=iphoneos*]" = "iPhone Developer";
				COPY_PHASE_STRIP = NO;
				DEBUG_INFORMATION_FORMAT = dwarf;
				ENABLE_STRICT_OBJC_MSGSEND = YES;
				ENABLE_TESTABILITY = YES;
				GCC_C_LANGUAGE_STANDARD = gnu99;
				GCC_DYNAMIC_NO_PIC = NO;
				GCC_NO_COMMON_BLOCKS = YES;
				GCC_OPTIMIZATION_LEVEL = 0;
				GCC_PREPROCESSOR_DEFINITIONS = (
					"DEBUG=1",
					"$(inherited)",
				);
				GCC_WARN_64_TO_32_BIT_CONVERSION = YES;
				GCC_WARN_ABOUT_RETURN_TYPE = YES_ERROR;
				GCC_WARN_UNDECLARED_SELECTOR = YES;
				GCC_WARN_UNINITIALIZED_AUTOS = YES_AGGRESSIVE;
				GCC_WARN_UNUSED_FUNCTION = YES;
				GCC_WARN_UNUSED_VARIABLE = YES;
				IPHONEOS_DEPLOYMENT_TARGET = 9.0;
				MTL_ENABLE_DEBUG_INFO = YES;
				ONLY_ACTIVE_ARCH = YES;
				SDKROOT = iphoneos;
				SWIFT_ACTIVE_COMPILATION_CONDITIONS = DEBUG;
				SWIFT_OPTIMIZATION_LEVEL = "-Onone";
				SWIFT_VERSION = 4.0;
				TARGETED_DEVICE_FAMILY = "1,2";
			};
			name = Debug;
		};
		8488D44A1DAA46FD000E703C /* Release */ = {
			isa = XCBuildConfiguration;
			buildSettings = {
				ALWAYS_SEARCH_USER_PATHS = NO;
				CLANG_ANALYZER_LOCALIZABILITY_NONLOCALIZED = YES;
				CLANG_ANALYZER_NONNULL = YES;
				CLANG_CXX_LANGUAGE_STANDARD = "gnu++0x";
				CLANG_CXX_LIBRARY = "libc++";
				CLANG_ENABLE_MODULES = YES;
				CLANG_ENABLE_OBJC_ARC = YES;
				CLANG_WARN_BLOCK_CAPTURE_AUTORELEASING = YES;
				CLANG_WARN_BOOL_CONVERSION = YES;
				CLANG_WARN_COMMA = YES;
				CLANG_WARN_CONSTANT_CONVERSION = YES;
				CLANG_WARN_DIRECT_OBJC_ISA_USAGE = YES_ERROR;
				CLANG_WARN_DOCUMENTATION_COMMENTS = YES;
				CLANG_WARN_EMPTY_BODY = YES;
				CLANG_WARN_ENUM_CONVERSION = YES;
				CLANG_WARN_INFINITE_RECURSION = YES;
				CLANG_WARN_INT_CONVERSION = YES;
				CLANG_WARN_NON_LITERAL_NULL_CONVERSION = YES;
				CLANG_WARN_OBJC_LITERAL_CONVERSION = YES;
				CLANG_WARN_OBJC_ROOT_CLASS = YES_ERROR;
				CLANG_WARN_RANGE_LOOP_ANALYSIS = YES;
				CLANG_WARN_STRICT_PROTOTYPES = YES;
				CLANG_WARN_SUSPICIOUS_MOVE = YES;
				CLANG_WARN_SUSPICIOUS_MOVES = YES;
				CLANG_WARN_UNREACHABLE_CODE = YES;
				CLANG_WARN__DUPLICATE_METHOD_MATCH = YES;
				"CODE_SIGN_IDENTITY[sdk=iphoneos*]" = "iPhone Developer";
				COPY_PHASE_STRIP = NO;
				DEBUG_INFORMATION_FORMAT = "dwarf-with-dsym";
				ENABLE_NS_ASSERTIONS = NO;
				ENABLE_STRICT_OBJC_MSGSEND = YES;
				GCC_C_LANGUAGE_STANDARD = gnu99;
				GCC_NO_COMMON_BLOCKS = YES;
				GCC_WARN_64_TO_32_BIT_CONVERSION = YES;
				GCC_WARN_ABOUT_RETURN_TYPE = YES_ERROR;
				GCC_WARN_UNDECLARED_SELECTOR = YES;
				GCC_WARN_UNINITIALIZED_AUTOS = YES_AGGRESSIVE;
				GCC_WARN_UNUSED_FUNCTION = YES;
				GCC_WARN_UNUSED_VARIABLE = YES;
				IPHONEOS_DEPLOYMENT_TARGET = 9.0;
				MTL_ENABLE_DEBUG_INFO = NO;
				SDKROOT = iphoneos;
				SWIFT_OPTIMIZATION_LEVEL = "-Owholemodule";
				SWIFT_VERSION = 4.0;
				TARGETED_DEVICE_FAMILY = "1,2";
				VALIDATE_PRODUCT = YES;
			};
			name = Release;
		};
		8488D44C1DAA46FD000E703C /* Debug */ = {
			isa = XCBuildConfiguration;
			baseConfigurationReference = 9360017F96E4BDCEAB425B24 /* Pods-VSCAM.debug.xcconfig */;
			buildSettings = {
				ALWAYS_EMBED_SWIFT_STANDARD_LIBRARIES = YES;
				ASSETCATALOG_COMPILER_APPICON_NAME = AppIcon;
				DEVELOPMENT_TEAM = P3X2725LYY;
				INFOPLIST_FILE = VSCAM/Info.plist;
				LD_RUNPATH_SEARCH_PATHS = "$(inherited) @executable_path/Frameworks";
				PRODUCT_BUNDLE_IDENTIFIER = com.EyreFree.VSCAM;
				PRODUCT_NAME = "$(TARGET_NAME)";
				SWIFT_OBJC_BRIDGING_HEADER = "$(PROJECT_NAME)/VSCAM-Bridging-Header.h";
				SWIFT_SWIFT3_OBJC_INFERENCE = Default;
				SWIFT_VERSION = 4.0;
				TARGETED_DEVICE_FAMILY = 1;
			};
			name = Debug;
		};
		8488D44D1DAA46FD000E703C /* Release */ = {
			isa = XCBuildConfiguration;
			baseConfigurationReference = 6AFA9DAD913860BE44775608 /* Pods-VSCAM.release.xcconfig */;
			buildSettings = {
				ALWAYS_EMBED_SWIFT_STANDARD_LIBRARIES = YES;
				ASSETCATALOG_COMPILER_APPICON_NAME = AppIcon;
				DEVELOPMENT_TEAM = P3X2725LYY;
				INFOPLIST_FILE = VSCAM/Info.plist;
				LD_RUNPATH_SEARCH_PATHS = "$(inherited) @executable_path/Frameworks";
				PRODUCT_BUNDLE_IDENTIFIER = com.EyreFree.VSCAM;
				PRODUCT_NAME = "$(TARGET_NAME)";
				SWIFT_OBJC_BRIDGING_HEADER = "$(PROJECT_NAME)/VSCAM-Bridging-Header.h";
				SWIFT_SWIFT3_OBJC_INFERENCE = Default;
				SWIFT_VERSION = 4.0;
				TARGETED_DEVICE_FAMILY = 1;
			};
			name = Release;
		};
/* End XCBuildConfiguration section */

/* Begin XCConfigurationList section */
		123C140B1E18CE8E00ED127B /* Build configuration list for PBXNativeTarget "VSCAMShareExtension" */ = {
			isa = XCConfigurationList;
			buildConfigurations = (
				123C14091E18CE8E00ED127B /* Debug */,
				123C140A1E18CE8E00ED127B /* Release */,
			);
			defaultConfigurationIsVisible = 0;
			defaultConfigurationName = Release;
		};
		8488D4341DAA46FD000E703C /* Build configuration list for PBXProject "VSCAM" */ = {
			isa = XCConfigurationList;
			buildConfigurations = (
				8488D4491DAA46FD000E703C /* Debug */,
				8488D44A1DAA46FD000E703C /* Release */,
			);
			defaultConfigurationIsVisible = 0;
			defaultConfigurationName = Release;
		};
		8488D44B1DAA46FD000E703C /* Build configuration list for PBXNativeTarget "VSCAM" */ = {
			isa = XCConfigurationList;
			buildConfigurations = (
				8488D44C1DAA46FD000E703C /* Debug */,
				8488D44D1DAA46FD000E703C /* Release */,
			);
			defaultConfigurationIsVisible = 0;
			defaultConfigurationName = Release;
		};
/* End XCConfigurationList section */
	};
	rootObject = 8488D4311DAA46FD000E703C /* Project object */;
}
